// !$*UTF8*$!
{
	archiveVersion = 1;
	classes = {
	};
	objectVersion = 48;
	objects = {

/* Begin PBXBuildFile section */
		3E16BB151FDF3F7000CC0E2C /* ProximaNova-Regular.otf in Resources */ = {isa = PBXBuildFile; fileRef = 3E16BB131FDF3F6E00CC0E2C /* ProximaNova-Regular.otf */; };
		3E16BB161FDF3F7000CC0E2C /* Varela.otf in Resources */ = {isa = PBXBuildFile; fileRef = 3E16BB141FDF3F6F00CC0E2C /* Varela.otf */; };
		3E25721D1FDF95180072AC70 /* MainTabBarController.swift in Sources */ = {isa = PBXBuildFile; fileRef = 3E25721C1FDF95180072AC70 /* MainTabBarController.swift */; };
		3E2572221FDFA42F0072AC70 /* MakeMatchVC.swift in Sources */ = {isa = PBXBuildFile; fileRef = 3E2572211FDFA42F0072AC70 /* MakeMatchVC.swift */; };
		3E2572241FDFA4460072AC70 /* UserProfileVC.swift in Sources */ = {isa = PBXBuildFile; fileRef = 3E2572231FDFA4460072AC70 /* UserProfileVC.swift */; };
		3E2572261FDFA4640072AC70 /* FavouritesVC.swift in Sources */ = {isa = PBXBuildFile; fileRef = 3E2572251FDFA4640072AC70 /* FavouritesVC.swift */; };
		3E27B47D1FF4EAAD007D48AA /* titleCardTableViewCell.swift in Sources */ = {isa = PBXBuildFile; fileRef = 3E27B47B1FF4EAAD007D48AA /* titleCardTableViewCell.swift */; };
		3E27B47E1FF4EAAD007D48AA /* titleCardTableViewCell.xib in Resources */ = {isa = PBXBuildFile; fileRef = 3E27B47C1FF4EAAD007D48AA /* titleCardTableViewCell.xib */; };
		3E27B4811FF4ED73007D48AA /* InfoCardTableViewCell.swift in Sources */ = {isa = PBXBuildFile; fileRef = 3E27B47F1FF4ED73007D48AA /* InfoCardTableViewCell.swift */; };
		3E27B4821FF4ED73007D48AA /* InfoCardTableViewCell.xib in Resources */ = {isa = PBXBuildFile; fileRef = 3E27B4801FF4ED73007D48AA /* InfoCardTableViewCell.xib */; };
		3E27B4871FF600A0007D48AA /* FavCollectionViewCell.swift in Sources */ = {isa = PBXBuildFile; fileRef = 3E27B4851FF600A0007D48AA /* FavCollectionViewCell.swift */; };
		3E27B4881FF600A0007D48AA /* FavCollectionViewCell.xib in Resources */ = {isa = PBXBuildFile; fileRef = 3E27B4861FF600A0007D48AA /* FavCollectionViewCell.xib */; };
		3E2B8F1B204CCA3D00AFE6E9 /* AdversimentClass.swift in Sources */ = {isa = PBXBuildFile; fileRef = 3E2B8F1A204CCA3D00AFE6E9 /* AdversimentClass.swift */; };
		3E355ADF1FDA276E00CF81A0 /* FBSDKCoreKit.framework in Frameworks */ = {isa = PBXBuildFile; fileRef = 3E355ADD1FDA276E00CF81A0 /* FBSDKCoreKit.framework */; };
		3E355AE01FDA276E00CF81A0 /* FBSDKLoginKit.framework in Frameworks */ = {isa = PBXBuildFile; fileRef = 3E355ADE1FDA276E00CF81A0 /* FBSDKLoginKit.framework */; };
		3E355AE21FDA281000CF81A0 /* Bolts.framework in Frameworks */ = {isa = PBXBuildFile; fileRef = 3E355AE11FDA280F00CF81A0 /* Bolts.framework */; };
		3E355AE71FDA2FD800CF81A0 /* Bundle-Extension.swift in Sources */ = {isa = PBXBuildFile; fileRef = 3E355AE61FDA2FD800CF81A0 /* Bundle-Extension.swift */; };
		3E355AE91FDA2FF000CF81A0 /* Generics-Extension.swift in Sources */ = {isa = PBXBuildFile; fileRef = 3E355AE81FDA2FEF00CF81A0 /* Generics-Extension.swift */; };
		3E355AEB1FDA2FFD00CF81A0 /* keyboard-Extension.swift in Sources */ = {isa = PBXBuildFile; fileRef = 3E355AEA1FDA2FFD00CF81A0 /* keyboard-Extension.swift */; };
		3E355AED1FDA300A00CF81A0 /* NSUserDefaults-Extension.swift in Sources */ = {isa = PBXBuildFile; fileRef = 3E355AEC1FDA300A00CF81A0 /* NSUserDefaults-Extension.swift */; };
		3E355AEF1FDA301400CF81A0 /* Storyboard-Extension.swift in Sources */ = {isa = PBXBuildFile; fileRef = 3E355AEE1FDA301400CF81A0 /* Storyboard-Extension.swift */; };
		3E355AF11FDA301F00CF81A0 /* String-Extension.swift in Sources */ = {isa = PBXBuildFile; fileRef = 3E355AF01FDA301F00CF81A0 /* String-Extension.swift */; };
		3E355AF31FDA303900CF81A0 /* UIColor-Extension.swift in Sources */ = {isa = PBXBuildFile; fileRef = 3E355AF21FDA303900CF81A0 /* UIColor-Extension.swift */; };
		3E355AF71FDA306500CF81A0 /* wissen.ttf in Resources */ = {isa = PBXBuildFile; fileRef = 3E355AF51FDA306500CF81A0 /* wissen.ttf */; };
		3E355AF81FDA306500CF81A0 /* VarelaRound-Regular.ttf in Resources */ = {isa = PBXBuildFile; fileRef = 3E355AF61FDA306500CF81A0 /* VarelaRound-Regular.ttf */; };
		3E355AFA1FDA307A00CF81A0 /* GradientView.swift in Sources */ = {isa = PBXBuildFile; fileRef = 3E355AF91FDA307A00CF81A0 /* GradientView.swift */; };
		3E355AFC1FDA308900CF81A0 /* LilithProgressHUD.swift in Sources */ = {isa = PBXBuildFile; fileRef = 3E355AFB1FDA308900CF81A0 /* LilithProgressHUD.swift */; };
		3E355AFF1FDA30CF00CF81A0 /* User.swift in Sources */ = {isa = PBXBuildFile; fileRef = 3E355AFE1FDA30CF00CF81A0 /* User.swift */; };
		3E355B061FDA310F00CF81A0 /* Formatter.swift in Sources */ = {isa = PBXBuildFile; fileRef = 3E355B011FDA310E00CF81A0 /* Formatter.swift */; };
		3E355B071FDA310F00CF81A0 /* GUConfigHandler.swift in Sources */ = {isa = PBXBuildFile; fileRef = 3E355B021FDA310E00CF81A0 /* GUConfigHandler.swift */; };
		3E355B081FDA310F00CF81A0 /* Constants.swift in Sources */ = {isa = PBXBuildFile; fileRef = 3E355B031FDA310E00CF81A0 /* Constants.swift */; };
		3E355B091FDA310F00CF81A0 /* GULogger.swift in Sources */ = {isa = PBXBuildFile; fileRef = 3E355B041FDA310F00CF81A0 /* GULogger.swift */; };
		3E355B0A1FDA310F00CF81A0 /* Imagen_resize.swift in Sources */ = {isa = PBXBuildFile; fileRef = 3E355B051FDA310F00CF81A0 /* Imagen_resize.swift */; };
		3E355B0C1FDA311C00CF81A0 /* BaseNSObject.swift in Sources */ = {isa = PBXBuildFile; fileRef = 3E355B0B1FDA311C00CF81A0 /* BaseNSObject.swift */; };
		3E355B0E1FDA314000CF81A0 /* BaseObjects.swift in Sources */ = {isa = PBXBuildFile; fileRef = 3E355B0D1FDA314000CF81A0 /* BaseObjects.swift */; };
		3E355B111FDA316C00CF81A0 /* UserProfile.swift in Sources */ = {isa = PBXBuildFile; fileRef = 3E355B0F1FDA316C00CF81A0 /* UserProfile.swift */; };
		3E355B121FDA316C00CF81A0 /* UserItem.swift in Sources */ = {isa = PBXBuildFile; fileRef = 3E355B101FDA316C00CF81A0 /* UserItem.swift */; };
		3E355B151FDA319100CF81A0 /* BaseViewController.swift in Sources */ = {isa = PBXBuildFile; fileRef = 3E355B141FDA319100CF81A0 /* BaseViewController.swift */; };
		3E355B1B1FDA31B800CF81A0 /* MyData.plist in Resources */ = {isa = PBXBuildFile; fileRef = 3E355B171FDA31B700CF81A0 /* MyData.plist */; };
		3E355B1C1FDA31B800CF81A0 /* APIConection.swift in Sources */ = {isa = PBXBuildFile; fileRef = 3E355B181FDA31B700CF81A0 /* APIConection.swift */; };
		3E355B1D1FDA31B800CF81A0 /* AFWrapper.swift in Sources */ = {isa = PBXBuildFile; fileRef = 3E355B191FDA31B800CF81A0 /* AFWrapper.swift */; };
		3E355B1E1FDA31B800CF81A0 /* PlistManager.swift in Sources */ = {isa = PBXBuildFile; fileRef = 3E355B1A1FDA31B800CF81A0 /* PlistManager.swift */; };
		3E355B201FDA325E00CF81A0 /* UIImageExtension.swift in Sources */ = {isa = PBXBuildFile; fileRef = 3E355B1F1FDA325E00CF81A0 /* UIImageExtension.swift */; };
		3E355B231FDA333400CF81A0 /* AppSetupRootVC.swift in Sources */ = {isa = PBXBuildFile; fileRef = 3E355B221FDA333400CF81A0 /* AppSetupRootVC.swift */; };
		3E355B281FDA358100CF81A0 /* LoginHandler.swift in Sources */ = {isa = PBXBuildFile; fileRef = 3E355B271FDA358100CF81A0 /* LoginHandler.swift */; };
		3E355B2A1FDA362F00CF81A0 /* LoginNavC.swift in Sources */ = {isa = PBXBuildFile; fileRef = 3E355B291FDA362F00CF81A0 /* LoginNavC.swift */; };
		3E355B2E1FDA371600CF81A0 /* DispatchHelper.swift in Sources */ = {isa = PBXBuildFile; fileRef = 3E355B2D1FDA371600CF81A0 /* DispatchHelper.swift */; };
		3E355B331FDA568100CF81A0 /* MainLoginVC.swift in Sources */ = {isa = PBXBuildFile; fileRef = 3E355B321FDA568100CF81A0 /* MainLoginVC.swift */; };
		3E355B391FDA5A2500CF81A0 /* UINavigationBar+Custom.swift in Sources */ = {isa = PBXBuildFile; fileRef = 3E355B381FDA5A2500CF81A0 /* UINavigationBar+Custom.swift */; };
		3E355B491FDE5DCD00CF81A0 /* animated_color_options.json in Resources */ = {isa = PBXBuildFile; fileRef = 3E355B411FDE5DCC00CF81A0 /* animated_color_options.json */; };
		3E355B4A1FDE5DCD00CF81A0 /* like.json in Resources */ = {isa = PBXBuildFile; fileRef = 3E355B421FDE5DCC00CF81A0 /* like.json */; };
		3E355B4B1FDE5DCD00CF81A0 /* exploding_heart.json in Resources */ = {isa = PBXBuildFile; fileRef = 3E355B431FDE5DCD00CF81A0 /* exploding_heart.json */; };
		3E355B4C1FDE5DCD00CF81A0 /* shrug.json in Resources */ = {isa = PBXBuildFile; fileRef = 3E355B441FDE5DCD00CF81A0 /* shrug.json */; };
		3E355B4D1FDE5DCD00CF81A0 /* kodeqr_animation.json in Resources */ = {isa = PBXBuildFile; fileRef = 3E355B451FDE5DCD00CF81A0 /* kodeqr_animation.json */; };
		3E355B4E1FDE5DCD00CF81A0 /* empty_status.json in Resources */ = {isa = PBXBuildFile; fileRef = 3E355B461FDE5DCD00CF81A0 /* empty_status.json */; };
		3E355B4F1FDE5DCD00CF81A0 /* scan_qr_code_success.json in Resources */ = {isa = PBXBuildFile; fileRef = 3E355B471FDE5DCD00CF81A0 /* scan_qr_code_success.json */; };
		3E355B501FDE5DCD00CF81A0 /* bookmark_animation.json in Resources */ = {isa = PBXBuildFile; fileRef = 3E355B481FDE5DCD00CF81A0 /* bookmark_animation.json */; };
		3E355B5F1FDE6D2600CF81A0 /* StringsStructure.swift in Sources */ = {isa = PBXBuildFile; fileRef = 3E355B5E1FDE6D2600CF81A0 /* StringsStructure.swift */; };
		3E355B681FDE710600CF81A0 /* Loc.strings in Resources */ = {isa = PBXBuildFile; fileRef = 3E355B6A1FDE710600CF81A0 /* Loc.strings */; };
		3E355B6D1FDF11C500CF81A0 /* account_success.json in Resources */ = {isa = PBXBuildFile; fileRef = 3E355B6C1FDF11C400CF81A0 /* account_success.json */; };
		3E355B6F1FDF11D000CF81A0 /* swipe_left.json in Resources */ = {isa = PBXBuildFile; fileRef = 3E355B6E1FDF11D000CF81A0 /* swipe_left.json */; };
		3E35B33C1FF878F700175DFD /* RealmModels.swift in Sources */ = {isa = PBXBuildFile; fileRef = 3E35B33B1FF878F700175DFD /* RealmModels.swift */; };
		3E35B33E1FFCC2CB00175DFD /* RealmHelper.swift in Sources */ = {isa = PBXBuildFile; fileRef = 3E35B33D1FFCC2CB00175DFD /* RealmHelper.swift */; };
		3E35F2181FE0534C008C17D8 /* BackgroundTVCell.swift in Sources */ = {isa = PBXBuildFile; fileRef = 3E35F2161FE0534C008C17D8 /* BackgroundTVCell.swift */; };
		3E35F2191FE0534C008C17D8 /* BackgroundTVCell.xib in Resources */ = {isa = PBXBuildFile; fileRef = 3E35F2171FE0534C008C17D8 /* BackgroundTVCell.xib */; };
		3E35F21C1FE057BB008C17D8 /* ProfileOptionsTVCell.swift in Sources */ = {isa = PBXBuildFile; fileRef = 3E35F21A1FE057BB008C17D8 /* ProfileOptionsTVCell.swift */; };
		3E35F21D1FE057BB008C17D8 /* ProfileOptionsTVCell.xib in Resources */ = {isa = PBXBuildFile; fileRef = 3E35F21B1FE057BB008C17D8 /* ProfileOptionsTVCell.xib */; };
		3E35F2201FE06B68008C17D8 /* ManagePartnerTVCell.swift in Sources */ = {isa = PBXBuildFile; fileRef = 3E35F21E1FE06B68008C17D8 /* ManagePartnerTVCell.swift */; };
		3E35F2211FE06B68008C17D8 /* ManagePartnerTVCell.xib in Resources */ = {isa = PBXBuildFile; fileRef = 3E35F21F1FE06B68008C17D8 /* ManagePartnerTVCell.xib */; };
		3E35F2231FE0977C008C17D8 /* UserData.swift in Sources */ = {isa = PBXBuildFile; fileRef = 3E35F2221FE0977C008C17D8 /* UserData.swift */; };
		3E35F2321FE102D7008C17D8 /* ScanerViewController.swift in Sources */ = {isa = PBXBuildFile; fileRef = 3E35F2301FE102D7008C17D8 /* ScanerViewController.swift */; };
		3E35F2371FE1BC44008C17D8 /* ShowQRViewController.swift in Sources */ = {isa = PBXBuildFile; fileRef = 3E35F2361FE1BC44008C17D8 /* ShowQRViewController.swift */; };
		3E35F23A1FE1C60C008C17D8 /* AboutUSViewController.swift in Sources */ = {isa = PBXBuildFile; fileRef = 3E35F2391FE1C60C008C17D8 /* AboutUSViewController.swift */; };
		3E35F23F1FE46C3A008C17D8 /* 5_stars.json in Resources */ = {isa = PBXBuildFile; fileRef = 3E35F23B1FE46C38008C17D8 /* 5_stars.json */; };
		3E35F2401FE46C3A008C17D8 /* iphone_x_loading.json in Resources */ = {isa = PBXBuildFile; fileRef = 3E35F23C1FE46C39008C17D8 /* iphone_x_loading.json */; };
		3E35F2411FE46C3A008C17D8 /* spirit_geek.json in Resources */ = {isa = PBXBuildFile; fileRef = 3E35F23D1FE46C39008C17D8 /* spirit_geek.json */; };
		3E35F2421FE46C3A008C17D8 /* empty_list.json in Resources */ = {isa = PBXBuildFile; fileRef = 3E35F23E1FE46C39008C17D8 /* empty_list.json */; };
		3E35F2441FE46C45008C17D8 /* android.json in Resources */ = {isa = PBXBuildFile; fileRef = 3E35F2431FE46C45008C17D8 /* android.json */; };
		3E35F2481FE46CF1008C17D8 /* iosDeveloperTableViewCell.swift in Sources */ = {isa = PBXBuildFile; fileRef = 3E35F2461FE46CF1008C17D8 /* iosDeveloperTableViewCell.swift */; };
		3E35F2491FE46CF1008C17D8 /* iosDeveloperTableViewCell.xib in Resources */ = {isa = PBXBuildFile; fileRef = 3E35F2471FE46CF1008C17D8 /* iosDeveloperTableViewCell.xib */; };
		3E35F24C1FE474C1008C17D8 /* androidDeveloperTableViewCell.swift in Sources */ = {isa = PBXBuildFile; fileRef = 3E35F24A1FE474C1008C17D8 /* androidDeveloperTableViewCell.swift */; };
		3E35F24D1FE474C1008C17D8 /* androidDeveloperTableViewCell.xib in Resources */ = {isa = PBXBuildFile; fileRef = 3E35F24B1FE474C1008C17D8 /* androidDeveloperTableViewCell.xib */; };
		3E35F2501FE47CF9008C17D8 /* webDeveloperTableViewCell.swift in Sources */ = {isa = PBXBuildFile; fileRef = 3E35F24E1FE47CF9008C17D8 /* webDeveloperTableViewCell.swift */; };
		3E35F2511FE47CF9008C17D8 /* webDeveloperTableViewCell.xib in Resources */ = {isa = PBXBuildFile; fileRef = 3E35F24F1FE47CF9008C17D8 /* webDeveloperTableViewCell.xib */; };
		3E35F2531FE48030008C17D8 /* animated_laptop_.json in Resources */ = {isa = PBXBuildFile; fileRef = 3E35F2521FE48030008C17D8 /* animated_laptop_.json */; };
		3E35F2551FE48035008C17D8 /* skeleton_loading.json in Resources */ = {isa = PBXBuildFile; fileRef = 3E35F2541FE48035008C17D8 /* skeleton_loading.json */; };
		3E4E1DCC1FEA53F000DBE53C /* SelectGenderViewController.swift in Sources */ = {isa = PBXBuildFile; fileRef = 3E4E1DCB1FEA53F000DBE53C /* SelectGenderViewController.swift */; };
		3E6A3A6D1FDA21B6002E17D8 /* AppDelegate.swift in Sources */ = {isa = PBXBuildFile; fileRef = 3E6A3A6C1FDA21B6002E17D8 /* AppDelegate.swift */; };
		3E6A3A721FDA21B6002E17D8 /* Main.storyboard in Resources */ = {isa = PBXBuildFile; fileRef = 3E6A3A701FDA21B6002E17D8 /* Main.storyboard */; };
		3E6A3A751FDA21B6002E17D8 /* babyNameIOS.xcdatamodeld in Sources */ = {isa = PBXBuildFile; fileRef = 3E6A3A731FDA21B6002E17D8 /* babyNameIOS.xcdatamodeld */; };
		3E6A3A771FDA21B6002E17D8 /* Assets.xcassets in Resources */ = {isa = PBXBuildFile; fileRef = 3E6A3A761FDA21B6002E17D8 /* Assets.xcassets */; };
		3E6A3A7A1FDA21B6002E17D8 /* LaunchScreen.storyboard in Resources */ = {isa = PBXBuildFile; fileRef = 3E6A3A781FDA21B6002E17D8 /* LaunchScreen.storyboard */; };
		3E6A3A851FDA21B6002E17D8 /* babyNameIOSTests.swift in Sources */ = {isa = PBXBuildFile; fileRef = 3E6A3A841FDA21B6002E17D8 /* babyNameIOSTests.swift */; };
		3E6AD9632001F3CF0061EE2A /* MatchTableViewCell.swift in Sources */ = {isa = PBXBuildFile; fileRef = 3E6AD9612001F3CF0061EE2A /* MatchTableViewCell.swift */; };
		3E6AD9642001F3CF0061EE2A /* MatchTableViewCell.xib in Resources */ = {isa = PBXBuildFile; fileRef = 3E6AD9622001F3CF0061EE2A /* MatchTableViewCell.xib */; };
		3E6AD9672002D46C0061EE2A /* emptyStateMatchesTableViewCell.swift in Sources */ = {isa = PBXBuildFile; fileRef = 3E6AD9652002D46C0061EE2A /* emptyStateMatchesTableViewCell.swift */; };
		3E6AD9682002D46C0061EE2A /* emptyStateMatchesTableViewCell.xib in Resources */ = {isa = PBXBuildFile; fileRef = 3E6AD9662002D46C0061EE2A /* emptyStateMatchesTableViewCell.xib */; };
		3E6AD96A200300330061EE2A /* emoji_wink.json in Resources */ = {isa = PBXBuildFile; fileRef = 3E6AD969200300330061EE2A /* emoji_wink.json */; };
		3E6CBE721FDFA9ED00A1A445 /* UserProfileHeaderTVCell.swift in Sources */ = {isa = PBXBuildFile; fileRef = 3E6CBE701FDFA9ED00A1A445 /* UserProfileHeaderTVCell.swift */; };
		3E6CBE731FDFA9ED00A1A445 /* UserProfileHeaderTVCell.xib in Resources */ = {isa = PBXBuildFile; fileRef = 3E6CBE711FDFA9ED00A1A445 /* UserProfileHeaderTVCell.xib */; };
		3E885C591FF239CA00BB4BB5 /* Direction.swift in Sources */ = {isa = PBXBuildFile; fileRef = 3E885C551FF239C900BB4BB5 /* Direction.swift */; };
		3E885C5A1FF239CA00BB4BB5 /* ZLSwipeableView.swift in Sources */ = {isa = PBXBuildFile; fileRef = 3E885C561FF239C900BB4BB5 /* ZLSwipeableView.swift */; };
		3E885C5B1FF239CA00BB4BB5 /* ViewManager.swift in Sources */ = {isa = PBXBuildFile; fileRef = 3E885C571FF239CA00BB4BB5 /* ViewManager.swift */; };
		3E885C5C1FF239CA00BB4BB5 /* Scheduler.swift in Sources */ = {isa = PBXBuildFile; fileRef = 3E885C581FF239CA00BB4BB5 /* Scheduler.swift */; };
		3E885C5E1FF23D5200BB4BB5 /* CardContentView.xib in Resources */ = {isa = PBXBuildFile; fileRef = 3E885C5D1FF23D5200BB4BB5 /* CardContentView.xib */; };
		3E885C601FF23D6400BB4BB5 /* CardView.swift in Sources */ = {isa = PBXBuildFile; fileRef = 3E885C5F1FF23D6400BB4BB5 /* CardView.swift */; };
		3E90CCDB200DC62000D1FE0D /* empty_list.json in Resources */ = {isa = PBXBuildFile; fileRef = 3E90CCDA200DC62000D1FE0D /* empty_list.json */; };
		3E9115CE2055998C00C92018 /* logoForAboutTableViewCell.swift in Sources */ = {isa = PBXBuildFile; fileRef = 3E9115CC2055998C00C92018 /* logoForAboutTableViewCell.swift */; };
		3E9115CF2055998C00C92018 /* logoForAboutTableViewCell.xib in Resources */ = {isa = PBXBuildFile; fileRef = 3E9115CD2055998C00C92018 /* logoForAboutTableViewCell.xib */; };
		3E92F7642055D58700023C3C /* ShareManager.swift in Sources */ = {isa = PBXBuildFile; fileRef = 3E92F7632055D58700023C3C /* ShareManager.swift */; };
		3E92F7672055DBEA00023C3C /* LicensesVC.swift in Sources */ = {isa = PBXBuildFile; fileRef = 3E92F7662055DBEA00023C3C /* LicensesVC.swift */; };
		3E92F76B2055DCE900023C3C /* LicensesTableViewCell.swift in Sources */ = {isa = PBXBuildFile; fileRef = 3E92F7692055DCE900023C3C /* LicensesTableViewCell.swift */; };
		3E92F76C2055DCE900023C3C /* LicensesTableViewCell.xib in Resources */ = {isa = PBXBuildFile; fileRef = 3E92F76A2055DCE900023C3C /* LicensesTableViewCell.xib */; };
		3E944F63203D06EA00BCAC3A /* empty_box.json in Resources */ = {isa = PBXBuildFile; fileRef = 3E944F62203D06E900BCAC3A /* empty_box.json */; };
		3E944F65203D118200BCAC3A /* emoji_shock.json in Resources */ = {isa = PBXBuildFile; fileRef = 3E944F64203D118200BCAC3A /* emoji_shock.json */; };
		3EB591571FFDB77E009DB357 /* ArrayExtension.swift in Sources */ = {isa = PBXBuildFile; fileRef = 3EB591561FFDB77E009DB357 /* ArrayExtension.swift */; };
		3EB5915B1FFEFBDF009DB357 /* EmptyStateFavCollectionViewCell.swift in Sources */ = {isa = PBXBuildFile; fileRef = 3EB591591FFEFBDF009DB357 /* EmptyStateFavCollectionViewCell.swift */; };
		3EB5915C1FFEFBDF009DB357 /* EmptyStateFavCollectionViewCell.xib in Resources */ = {isa = PBXBuildFile; fileRef = 3EB5915A1FFEFBDF009DB357 /* EmptyStateFavCollectionViewCell.xib */; };
		3EB591601FFF43EB009DB357 /* MatchesVC.swift in Sources */ = {isa = PBXBuildFile; fileRef = 3EB5915F1FFF43EB009DB357 /* MatchesVC.swift */; };
		3EB591631FFF46C4009DB357 /* antenna.json in Resources */ = {isa = PBXBuildFile; fileRef = 3EB591611FFF46C3009DB357 /* antenna.json */; };
		3EB591641FFF46C4009DB357 /* drink.json in Resources */ = {isa = PBXBuildFile; fileRef = 3EB591621FFF46C4009DB357 /* drink.json */; };
		3EB591681FFF46F0009DB357 /* noCoupleEmptyStateTableViewCell.swift in Sources */ = {isa = PBXBuildFile; fileRef = 3EB591661FFF46F0009DB357 /* noCoupleEmptyStateTableViewCell.swift */; };
		3EB591691FFF46F0009DB357 /* noCoupleEmptyStateTableViewCell.xib in Resources */ = {isa = PBXBuildFile; fileRef = 3EB591671FFF46F0009DB357 /* noCoupleEmptyStateTableViewCell.xib */; };
		3EED6322203A611700130119 /* genderSingleton.swift in Sources */ = {isa = PBXBuildFile; fileRef = 3EED6321203A611700130119 /* genderSingleton.swift */; };
		40BC6DCA87C0AED8D9DC710F /* Pods_babyNameIOS.framework in Frameworks */ = {isa = PBXBuildFile; fileRef = E491BAF1D0B92A4F15059009 /* Pods_babyNameIOS.framework */; };
		A709135B863C8A78792F94D2 /* Pods_babyNameIOSTests.framework in Frameworks */ = {isa = PBXBuildFile; fileRef = E6EBC7F4E89371855F47D323 /* Pods_babyNameIOSTests.framework */; };
/* End PBXBuildFile section */

/* Begin PBXContainerItemProxy section */
		3E6A3A811FDA21B6002E17D8 /* PBXContainerItemProxy */ = {
			isa = PBXContainerItemProxy;
			containerPortal = 3E6A3A611FDA21B6002E17D8 /* Project object */;
			proxyType = 1;
			remoteGlobalIDString = 3E6A3A681FDA21B6002E17D8;
			remoteInfo = babyNameIOS;
		};
/* End PBXContainerItemProxy section */

/* Begin PBXFileReference section */
		3E16BB131FDF3F6E00CC0E2C /* ProximaNova-Regular.otf */ = {isa = PBXFileReference; lastKnownFileType = file; path = "ProximaNova-Regular.otf"; sourceTree = "<group>"; };
		3E16BB141FDF3F6F00CC0E2C /* Varela.otf */ = {isa = PBXFileReference; lastKnownFileType = file; path = Varela.otf; sourceTree = "<group>"; };
		3E25721C1FDF95180072AC70 /* MainTabBarController.swift */ = {isa = PBXFileReference; lastKnownFileType = sourcecode.swift; path = MainTabBarController.swift; sourceTree = "<group>"; };
		3E2572211FDFA42F0072AC70 /* MakeMatchVC.swift */ = {isa = PBXFileReference; lastKnownFileType = sourcecode.swift; path = MakeMatchVC.swift; sourceTree = "<group>"; };
		3E2572231FDFA4460072AC70 /* UserProfileVC.swift */ = {isa = PBXFileReference; lastKnownFileType = sourcecode.swift; path = UserProfileVC.swift; sourceTree = "<group>"; };
		3E2572251FDFA4640072AC70 /* FavouritesVC.swift */ = {isa = PBXFileReference; lastKnownFileType = sourcecode.swift; path = FavouritesVC.swift; sourceTree = "<group>"; };
		3E27B47B1FF4EAAD007D48AA /* titleCardTableViewCell.swift */ = {isa = PBXFileReference; lastKnownFileType = sourcecode.swift; path = titleCardTableViewCell.swift; sourceTree = "<group>"; };
		3E27B47C1FF4EAAD007D48AA /* titleCardTableViewCell.xib */ = {isa = PBXFileReference; lastKnownFileType = file.xib; path = titleCardTableViewCell.xib; sourceTree = "<group>"; };
		3E27B47F1FF4ED73007D48AA /* InfoCardTableViewCell.swift */ = {isa = PBXFileReference; lastKnownFileType = sourcecode.swift; path = InfoCardTableViewCell.swift; sourceTree = "<group>"; };
		3E27B4801FF4ED73007D48AA /* InfoCardTableViewCell.xib */ = {isa = PBXFileReference; lastKnownFileType = file.xib; path = InfoCardTableViewCell.xib; sourceTree = "<group>"; };
		3E27B4851FF600A0007D48AA /* FavCollectionViewCell.swift */ = {isa = PBXFileReference; lastKnownFileType = sourcecode.swift; path = FavCollectionViewCell.swift; sourceTree = "<group>"; };
		3E27B4861FF600A0007D48AA /* FavCollectionViewCell.xib */ = {isa = PBXFileReference; lastKnownFileType = file.xib; path = FavCollectionViewCell.xib; sourceTree = "<group>"; };
		3E2B8F1A204CCA3D00AFE6E9 /* AdversimentClass.swift */ = {isa = PBXFileReference; lastKnownFileType = sourcecode.swift; path = AdversimentClass.swift; sourceTree = "<group>"; };
		3E355ADD1FDA276E00CF81A0 /* FBSDKCoreKit.framework */ = {isa = PBXFileReference; lastKnownFileType = wrapper.framework; path = FBSDKCoreKit.framework; sourceTree = "<group>"; };
		3E355ADE1FDA276E00CF81A0 /* FBSDKLoginKit.framework */ = {isa = PBXFileReference; lastKnownFileType = wrapper.framework; path = FBSDKLoginKit.framework; sourceTree = "<group>"; };
		3E355AE11FDA280F00CF81A0 /* Bolts.framework */ = {isa = PBXFileReference; lastKnownFileType = wrapper.framework; path = Bolts.framework; sourceTree = "<group>"; };
		3E355AE61FDA2FD800CF81A0 /* Bundle-Extension.swift */ = {isa = PBXFileReference; fileEncoding = 4; lastKnownFileType = sourcecode.swift; path = "Bundle-Extension.swift"; sourceTree = "<group>"; };
		3E355AE81FDA2FEF00CF81A0 /* Generics-Extension.swift */ = {isa = PBXFileReference; fileEncoding = 4; lastKnownFileType = sourcecode.swift; path = "Generics-Extension.swift"; sourceTree = "<group>"; };
		3E355AEA1FDA2FFD00CF81A0 /* keyboard-Extension.swift */ = {isa = PBXFileReference; fileEncoding = 4; lastKnownFileType = sourcecode.swift; path = "keyboard-Extension.swift"; sourceTree = "<group>"; };
		3E355AEC1FDA300A00CF81A0 /* NSUserDefaults-Extension.swift */ = {isa = PBXFileReference; fileEncoding = 4; lastKnownFileType = sourcecode.swift; path = "NSUserDefaults-Extension.swift"; sourceTree = "<group>"; };
		3E355AEE1FDA301400CF81A0 /* Storyboard-Extension.swift */ = {isa = PBXFileReference; fileEncoding = 4; lastKnownFileType = sourcecode.swift; path = "Storyboard-Extension.swift"; sourceTree = "<group>"; };
		3E355AF01FDA301F00CF81A0 /* String-Extension.swift */ = {isa = PBXFileReference; fileEncoding = 4; lastKnownFileType = sourcecode.swift; path = "String-Extension.swift"; sourceTree = "<group>"; };
		3E355AF21FDA303900CF81A0 /* UIColor-Extension.swift */ = {isa = PBXFileReference; fileEncoding = 4; lastKnownFileType = sourcecode.swift; path = "UIColor-Extension.swift"; sourceTree = "<group>"; };
		3E355AF51FDA306500CF81A0 /* wissen.ttf */ = {isa = PBXFileReference; lastKnownFileType = file; path = wissen.ttf; sourceTree = "<group>"; };
		3E355AF61FDA306500CF81A0 /* VarelaRound-Regular.ttf */ = {isa = PBXFileReference; lastKnownFileType = file; path = "VarelaRound-Regular.ttf"; sourceTree = "<group>"; };
		3E355AF91FDA307A00CF81A0 /* GradientView.swift */ = {isa = PBXFileReference; fileEncoding = 4; lastKnownFileType = sourcecode.swift; path = GradientView.swift; sourceTree = "<group>"; };
		3E355AFB1FDA308900CF81A0 /* LilithProgressHUD.swift */ = {isa = PBXFileReference; fileEncoding = 4; lastKnownFileType = sourcecode.swift; path = LilithProgressHUD.swift; sourceTree = "<group>"; };
		3E355AFE1FDA30CF00CF81A0 /* User.swift */ = {isa = PBXFileReference; fileEncoding = 4; lastKnownFileType = sourcecode.swift; path = User.swift; sourceTree = "<group>"; };
		3E355B011FDA310E00CF81A0 /* Formatter.swift */ = {isa = PBXFileReference; fileEncoding = 4; lastKnownFileType = sourcecode.swift; path = Formatter.swift; sourceTree = "<group>"; };
		3E355B021FDA310E00CF81A0 /* GUConfigHandler.swift */ = {isa = PBXFileReference; fileEncoding = 4; lastKnownFileType = sourcecode.swift; path = GUConfigHandler.swift; sourceTree = "<group>"; };
		3E355B031FDA310E00CF81A0 /* Constants.swift */ = {isa = PBXFileReference; fileEncoding = 4; lastKnownFileType = sourcecode.swift; path = Constants.swift; sourceTree = "<group>"; };
		3E355B041FDA310F00CF81A0 /* GULogger.swift */ = {isa = PBXFileReference; fileEncoding = 4; lastKnownFileType = sourcecode.swift; path = GULogger.swift; sourceTree = "<group>"; };
		3E355B051FDA310F00CF81A0 /* Imagen_resize.swift */ = {isa = PBXFileReference; fileEncoding = 4; lastKnownFileType = sourcecode.swift; path = Imagen_resize.swift; sourceTree = "<group>"; };
		3E355B0B1FDA311C00CF81A0 /* BaseNSObject.swift */ = {isa = PBXFileReference; fileEncoding = 4; lastKnownFileType = sourcecode.swift; path = BaseNSObject.swift; sourceTree = "<group>"; };
		3E355B0D1FDA314000CF81A0 /* BaseObjects.swift */ = {isa = PBXFileReference; fileEncoding = 4; lastKnownFileType = sourcecode.swift; path = BaseObjects.swift; sourceTree = "<group>"; };
		3E355B0F1FDA316C00CF81A0 /* UserProfile.swift */ = {isa = PBXFileReference; fileEncoding = 4; lastKnownFileType = sourcecode.swift; path = UserProfile.swift; sourceTree = "<group>"; };
		3E355B101FDA316C00CF81A0 /* UserItem.swift */ = {isa = PBXFileReference; fileEncoding = 4; lastKnownFileType = sourcecode.swift; path = UserItem.swift; sourceTree = "<group>"; };
		3E355B141FDA319100CF81A0 /* BaseViewController.swift */ = {isa = PBXFileReference; fileEncoding = 4; lastKnownFileType = sourcecode.swift; path = BaseViewController.swift; sourceTree = "<group>"; };
		3E355B171FDA31B700CF81A0 /* MyData.plist */ = {isa = PBXFileReference; fileEncoding = 4; lastKnownFileType = text.plist.xml; path = MyData.plist; sourceTree = "<group>"; };
		3E355B181FDA31B700CF81A0 /* APIConection.swift */ = {isa = PBXFileReference; fileEncoding = 4; lastKnownFileType = sourcecode.swift; path = APIConection.swift; sourceTree = "<group>"; };
		3E355B191FDA31B800CF81A0 /* AFWrapper.swift */ = {isa = PBXFileReference; fileEncoding = 4; lastKnownFileType = sourcecode.swift; path = AFWrapper.swift; sourceTree = "<group>"; };
		3E355B1A1FDA31B800CF81A0 /* PlistManager.swift */ = {isa = PBXFileReference; fileEncoding = 4; lastKnownFileType = sourcecode.swift; path = PlistManager.swift; sourceTree = "<group>"; };
		3E355B1F1FDA325E00CF81A0 /* UIImageExtension.swift */ = {isa = PBXFileReference; fileEncoding = 4; lastKnownFileType = sourcecode.swift; path = UIImageExtension.swift; sourceTree = "<group>"; };
		3E355B221FDA333400CF81A0 /* AppSetupRootVC.swift */ = {isa = PBXFileReference; fileEncoding = 4; lastKnownFileType = sourcecode.swift; path = AppSetupRootVC.swift; sourceTree = "<group>"; };
		3E355B271FDA358100CF81A0 /* LoginHandler.swift */ = {isa = PBXFileReference; fileEncoding = 4; lastKnownFileType = sourcecode.swift; path = LoginHandler.swift; sourceTree = "<group>"; };
		3E355B291FDA362F00CF81A0 /* LoginNavC.swift */ = {isa = PBXFileReference; lastKnownFileType = sourcecode.swift; path = LoginNavC.swift; sourceTree = "<group>"; };
		3E355B2D1FDA371600CF81A0 /* DispatchHelper.swift */ = {isa = PBXFileReference; lastKnownFileType = sourcecode.swift; path = DispatchHelper.swift; sourceTree = "<group>"; };
		3E355B321FDA568100CF81A0 /* MainLoginVC.swift */ = {isa = PBXFileReference; lastKnownFileType = sourcecode.swift; path = MainLoginVC.swift; sourceTree = "<group>"; };
		3E355B341FDA572500CF81A0 /* babyNameIOS-Bridging-Header.h */ = {isa = PBXFileReference; lastKnownFileType = sourcecode.c.h; path = "babyNameIOS-Bridging-Header.h"; sourceTree = "<group>"; };
		3E355B381FDA5A2500CF81A0 /* UINavigationBar+Custom.swift */ = {isa = PBXFileReference; fileEncoding = 4; lastKnownFileType = sourcecode.swift; path = "UINavigationBar+Custom.swift"; sourceTree = "<group>"; };
		3E355B3D1FDA797C00CF81A0 /* babyNameIOS.entitlements */ = {isa = PBXFileReference; lastKnownFileType = text.plist.entitlements; path = babyNameIOS.entitlements; sourceTree = "<group>"; };
		3E355B411FDE5DCC00CF81A0 /* animated_color_options.json */ = {isa = PBXFileReference; fileEncoding = 4; lastKnownFileType = text.json; path = animated_color_options.json; sourceTree = "<group>"; };
		3E355B421FDE5DCC00CF81A0 /* like.json */ = {isa = PBXFileReference; fileEncoding = 4; lastKnownFileType = text.json; path = like.json; sourceTree = "<group>"; };
		3E355B431FDE5DCD00CF81A0 /* exploding_heart.json */ = {isa = PBXFileReference; fileEncoding = 4; lastKnownFileType = text.json; path = exploding_heart.json; sourceTree = "<group>"; };
		3E355B441FDE5DCD00CF81A0 /* shrug.json */ = {isa = PBXFileReference; fileEncoding = 4; lastKnownFileType = text.json; path = shrug.json; sourceTree = "<group>"; };
		3E355B451FDE5DCD00CF81A0 /* kodeqr_animation.json */ = {isa = PBXFileReference; fileEncoding = 4; lastKnownFileType = text.json; path = kodeqr_animation.json; sourceTree = "<group>"; };
		3E355B461FDE5DCD00CF81A0 /* empty_status.json */ = {isa = PBXFileReference; fileEncoding = 4; lastKnownFileType = text.json; path = empty_status.json; sourceTree = "<group>"; };
		3E355B471FDE5DCD00CF81A0 /* scan_qr_code_success.json */ = {isa = PBXFileReference; fileEncoding = 4; lastKnownFileType = text.json; path = scan_qr_code_success.json; sourceTree = "<group>"; };
		3E355B481FDE5DCD00CF81A0 /* bookmark_animation.json */ = {isa = PBXFileReference; fileEncoding = 4; lastKnownFileType = text.json; path = bookmark_animation.json; sourceTree = "<group>"; };
		3E355B511FDE6AE500CF81A0 /* es-419 */ = {isa = PBXFileReference; lastKnownFileType = text.plist.strings; name = "es-419"; path = "es-419.lproj/LaunchScreen.strings"; sourceTree = "<group>"; };
		3E355B521FDE6AE500CF81A0 /* es-419 */ = {isa = PBXFileReference; lastKnownFileType = text.plist.strings; name = "es-419"; path = "es-419.lproj/Main.strings"; sourceTree = "<group>"; };
		3E355B5E1FDE6D2600CF81A0 /* StringsStructure.swift */ = {isa = PBXFileReference; lastKnownFileType = sourcecode.swift; path = StringsStructure.swift; sourceTree = "<group>"; };
		3E355B691FDE710600CF81A0 /* en */ = {isa = PBXFileReference; lastKnownFileType = text.plist.strings; name = en; path = en.lproj/Loc.strings; sourceTree = "<group>"; };
		3E355B6B1FDE710A00CF81A0 /* es-419 */ = {isa = PBXFileReference; lastKnownFileType = text.plist.strings; name = "es-419"; path = "es-419.lproj/Loc.strings"; sourceTree = "<group>"; };
		3E355B6C1FDF11C400CF81A0 /* account_success.json */ = {isa = PBXFileReference; fileEncoding = 4; lastKnownFileType = text.json; path = account_success.json; sourceTree = "<group>"; };
		3E355B6E1FDF11D000CF81A0 /* swipe_left.json */ = {isa = PBXFileReference; fileEncoding = 4; lastKnownFileType = text.json; path = swipe_left.json; sourceTree = "<group>"; };
		3E35B33B1FF878F700175DFD /* RealmModels.swift */ = {isa = PBXFileReference; lastKnownFileType = sourcecode.swift; path = RealmModels.swift; sourceTree = "<group>"; };
		3E35B33D1FFCC2CB00175DFD /* RealmHelper.swift */ = {isa = PBXFileReference; lastKnownFileType = sourcecode.swift; path = RealmHelper.swift; sourceTree = "<group>"; };
		3E35F2161FE0534C008C17D8 /* BackgroundTVCell.swift */ = {isa = PBXFileReference; lastKnownFileType = sourcecode.swift; path = BackgroundTVCell.swift; sourceTree = "<group>"; };
		3E35F2171FE0534C008C17D8 /* BackgroundTVCell.xib */ = {isa = PBXFileReference; lastKnownFileType = file.xib; path = BackgroundTVCell.xib; sourceTree = "<group>"; };
		3E35F21A1FE057BB008C17D8 /* ProfileOptionsTVCell.swift */ = {isa = PBXFileReference; lastKnownFileType = sourcecode.swift; path = ProfileOptionsTVCell.swift; sourceTree = "<group>"; };
		3E35F21B1FE057BB008C17D8 /* ProfileOptionsTVCell.xib */ = {isa = PBXFileReference; lastKnownFileType = file.xib; path = ProfileOptionsTVCell.xib; sourceTree = "<group>"; };
		3E35F21E1FE06B68008C17D8 /* ManagePartnerTVCell.swift */ = {isa = PBXFileReference; lastKnownFileType = sourcecode.swift; path = ManagePartnerTVCell.swift; sourceTree = "<group>"; };
		3E35F21F1FE06B68008C17D8 /* ManagePartnerTVCell.xib */ = {isa = PBXFileReference; lastKnownFileType = file.xib; path = ManagePartnerTVCell.xib; sourceTree = "<group>"; };
		3E35F2221FE0977C008C17D8 /* UserData.swift */ = {isa = PBXFileReference; lastKnownFileType = sourcecode.swift; path = UserData.swift; sourceTree = "<group>"; };
		3E35F2301FE102D7008C17D8 /* ScanerViewController.swift */ = {isa = PBXFileReference; lastKnownFileType = sourcecode.swift; path = ScanerViewController.swift; sourceTree = "<group>"; };
		3E35F2361FE1BC44008C17D8 /* ShowQRViewController.swift */ = {isa = PBXFileReference; lastKnownFileType = sourcecode.swift; path = ShowQRViewController.swift; sourceTree = "<group>"; };
		3E35F2391FE1C60C008C17D8 /* AboutUSViewController.swift */ = {isa = PBXFileReference; lastKnownFileType = sourcecode.swift; path = AboutUSViewController.swift; sourceTree = "<group>"; };
		3E35F23B1FE46C38008C17D8 /* 5_stars.json */ = {isa = PBXFileReference; fileEncoding = 4; lastKnownFileType = text.json; path = 5_stars.json; sourceTree = "<group>"; };
		3E35F23C1FE46C39008C17D8 /* iphone_x_loading.json */ = {isa = PBXFileReference; fileEncoding = 4; lastKnownFileType = text.json; path = iphone_x_loading.json; sourceTree = "<group>"; };
		3E35F23D1FE46C39008C17D8 /* spirit_geek.json */ = {isa = PBXFileReference; fileEncoding = 4; lastKnownFileType = text.json; path = spirit_geek.json; sourceTree = "<group>"; };
		3E35F23E1FE46C39008C17D8 /* empty_list.json */ = {isa = PBXFileReference; fileEncoding = 4; lastKnownFileType = text.json; path = empty_list.json; sourceTree = "<group>"; };
		3E35F2431FE46C45008C17D8 /* android.json */ = {isa = PBXFileReference; fileEncoding = 4; lastKnownFileType = text.json; path = android.json; sourceTree = "<group>"; };
		3E35F2461FE46CF1008C17D8 /* iosDeveloperTableViewCell.swift */ = {isa = PBXFileReference; lastKnownFileType = sourcecode.swift; path = iosDeveloperTableViewCell.swift; sourceTree = "<group>"; };
		3E35F2471FE46CF1008C17D8 /* iosDeveloperTableViewCell.xib */ = {isa = PBXFileReference; lastKnownFileType = file.xib; path = iosDeveloperTableViewCell.xib; sourceTree = "<group>"; };
		3E35F24A1FE474C1008C17D8 /* androidDeveloperTableViewCell.swift */ = {isa = PBXFileReference; lastKnownFileType = sourcecode.swift; path = androidDeveloperTableViewCell.swift; sourceTree = "<group>"; };
		3E35F24B1FE474C1008C17D8 /* androidDeveloperTableViewCell.xib */ = {isa = PBXFileReference; lastKnownFileType = file.xib; path = androidDeveloperTableViewCell.xib; sourceTree = "<group>"; };
		3E35F24E1FE47CF9008C17D8 /* webDeveloperTableViewCell.swift */ = {isa = PBXFileReference; lastKnownFileType = sourcecode.swift; path = webDeveloperTableViewCell.swift; sourceTree = "<group>"; };
		3E35F24F1FE47CF9008C17D8 /* webDeveloperTableViewCell.xib */ = {isa = PBXFileReference; lastKnownFileType = file.xib; path = webDeveloperTableViewCell.xib; sourceTree = "<group>"; };
		3E35F2521FE48030008C17D8 /* animated_laptop_.json */ = {isa = PBXFileReference; fileEncoding = 4; lastKnownFileType = text.json; path = animated_laptop_.json; sourceTree = "<group>"; };
		3E35F2541FE48035008C17D8 /* skeleton_loading.json */ = {isa = PBXFileReference; fileEncoding = 4; lastKnownFileType = text.json; path = skeleton_loading.json; sourceTree = "<group>"; };
		3E4E1DCB1FEA53F000DBE53C /* SelectGenderViewController.swift */ = {isa = PBXFileReference; lastKnownFileType = sourcecode.swift; path = SelectGenderViewController.swift; sourceTree = "<group>"; };
		3E6A3A691FDA21B6002E17D8 /* babyNameIOS.app */ = {isa = PBXFileReference; explicitFileType = wrapper.application; includeInIndex = 0; path = babyNameIOS.app; sourceTree = BUILT_PRODUCTS_DIR; };
		3E6A3A6C1FDA21B6002E17D8 /* AppDelegate.swift */ = {isa = PBXFileReference; lastKnownFileType = sourcecode.swift; path = AppDelegate.swift; sourceTree = "<group>"; };
		3E6A3A711FDA21B6002E17D8 /* Base */ = {isa = PBXFileReference; lastKnownFileType = file.storyboard; name = Base; path = Base.lproj/Main.storyboard; sourceTree = "<group>"; };
		3E6A3A741FDA21B6002E17D8 /* babyNameIOS.xcdatamodel */ = {isa = PBXFileReference; lastKnownFileType = wrapper.xcdatamodel; path = babyNameIOS.xcdatamodel; sourceTree = "<group>"; };
		3E6A3A761FDA21B6002E17D8 /* Assets.xcassets */ = {isa = PBXFileReference; lastKnownFileType = folder.assetcatalog; path = Assets.xcassets; sourceTree = "<group>"; };
		3E6A3A791FDA21B6002E17D8 /* Base */ = {isa = PBXFileReference; lastKnownFileType = file.storyboard; name = Base; path = Base.lproj/LaunchScreen.storyboard; sourceTree = "<group>"; };
		3E6A3A7B1FDA21B6002E17D8 /* Info.plist */ = {isa = PBXFileReference; lastKnownFileType = text.plist.xml; path = Info.plist; sourceTree = "<group>"; };
		3E6A3A801FDA21B6002E17D8 /* babyNameIOSTests.xctest */ = {isa = PBXFileReference; explicitFileType = wrapper.cfbundle; includeInIndex = 0; path = babyNameIOSTests.xctest; sourceTree = BUILT_PRODUCTS_DIR; };
		3E6A3A841FDA21B6002E17D8 /* babyNameIOSTests.swift */ = {isa = PBXFileReference; lastKnownFileType = sourcecode.swift; path = babyNameIOSTests.swift; sourceTree = "<group>"; };
		3E6A3A861FDA21B6002E17D8 /* Info.plist */ = {isa = PBXFileReference; lastKnownFileType = text.plist.xml; path = Info.plist; sourceTree = "<group>"; };
		3E6AD9612001F3CF0061EE2A /* MatchTableViewCell.swift */ = {isa = PBXFileReference; lastKnownFileType = sourcecode.swift; path = MatchTableViewCell.swift; sourceTree = "<group>"; };
		3E6AD9622001F3CF0061EE2A /* MatchTableViewCell.xib */ = {isa = PBXFileReference; lastKnownFileType = file.xib; path = MatchTableViewCell.xib; sourceTree = "<group>"; };
		3E6AD9652002D46C0061EE2A /* emptyStateMatchesTableViewCell.swift */ = {isa = PBXFileReference; lastKnownFileType = sourcecode.swift; path = emptyStateMatchesTableViewCell.swift; sourceTree = "<group>"; };
		3E6AD9662002D46C0061EE2A /* emptyStateMatchesTableViewCell.xib */ = {isa = PBXFileReference; lastKnownFileType = file.xib; path = emptyStateMatchesTableViewCell.xib; sourceTree = "<group>"; };
		3E6AD969200300330061EE2A /* emoji_wink.json */ = {isa = PBXFileReference; fileEncoding = 4; lastKnownFileType = text.json; path = emoji_wink.json; sourceTree = "<group>"; };
		3E6CBE701FDFA9ED00A1A445 /* UserProfileHeaderTVCell.swift */ = {isa = PBXFileReference; lastKnownFileType = sourcecode.swift; path = UserProfileHeaderTVCell.swift; sourceTree = "<group>"; };
		3E6CBE711FDFA9ED00A1A445 /* UserProfileHeaderTVCell.xib */ = {isa = PBXFileReference; lastKnownFileType = file.xib; path = UserProfileHeaderTVCell.xib; sourceTree = "<group>"; };
		3E885C551FF239C900BB4BB5 /* Direction.swift */ = {isa = PBXFileReference; fileEncoding = 4; lastKnownFileType = sourcecode.swift; path = Direction.swift; sourceTree = "<group>"; };
		3E885C561FF239C900BB4BB5 /* ZLSwipeableView.swift */ = {isa = PBXFileReference; fileEncoding = 4; lastKnownFileType = sourcecode.swift; path = ZLSwipeableView.swift; sourceTree = "<group>"; };
		3E885C571FF239CA00BB4BB5 /* ViewManager.swift */ = {isa = PBXFileReference; fileEncoding = 4; lastKnownFileType = sourcecode.swift; path = ViewManager.swift; sourceTree = "<group>"; };
		3E885C581FF239CA00BB4BB5 /* Scheduler.swift */ = {isa = PBXFileReference; fileEncoding = 4; lastKnownFileType = sourcecode.swift; path = Scheduler.swift; sourceTree = "<group>"; };
		3E885C5D1FF23D5200BB4BB5 /* CardContentView.xib */ = {isa = PBXFileReference; fileEncoding = 4; lastKnownFileType = file.xib; path = CardContentView.xib; sourceTree = "<group>"; };
		3E885C5F1FF23D6400BB4BB5 /* CardView.swift */ = {isa = PBXFileReference; fileEncoding = 4; lastKnownFileType = sourcecode.swift; path = CardView.swift; sourceTree = "<group>"; };
		3E90CCDA200DC62000D1FE0D /* empty_list.json */ = {isa = PBXFileReference; fileEncoding = 4; lastKnownFileType = text.json; name = empty_list.json; path = ../../../../../../../Downloads/empty_list.json; sourceTree = "<group>"; };
		3E9115CC2055998C00C92018 /* logoForAboutTableViewCell.swift */ = {isa = PBXFileReference; lastKnownFileType = sourcecode.swift; path = logoForAboutTableViewCell.swift; sourceTree = "<group>"; };
		3E9115CD2055998C00C92018 /* logoForAboutTableViewCell.xib */ = {isa = PBXFileReference; lastKnownFileType = file.xib; path = logoForAboutTableViewCell.xib; sourceTree = "<group>"; };
		3E92F7632055D58700023C3C /* ShareManager.swift */ = {isa = PBXFileReference; fileEncoding = 4; lastKnownFileType = sourcecode.swift; path = ShareManager.swift; sourceTree = "<group>"; };
		3E92F7662055DBEA00023C3C /* LicensesVC.swift */ = {isa = PBXFileReference; lastKnownFileType = sourcecode.swift; path = LicensesVC.swift; sourceTree = "<group>"; };
		3E92F7692055DCE900023C3C /* LicensesTableViewCell.swift */ = {isa = PBXFileReference; lastKnownFileType = sourcecode.swift; path = LicensesTableViewCell.swift; sourceTree = "<group>"; };
		3E92F76A2055DCE900023C3C /* LicensesTableViewCell.xib */ = {isa = PBXFileReference; lastKnownFileType = file.xib; path = LicensesTableViewCell.xib; sourceTree = "<group>"; };
		3E944F62203D06E900BCAC3A /* empty_box.json */ = {isa = PBXFileReference; fileEncoding = 4; lastKnownFileType = text.json; path = empty_box.json; sourceTree = "<group>"; };
		3E944F64203D118200BCAC3A /* emoji_shock.json */ = {isa = PBXFileReference; fileEncoding = 4; lastKnownFileType = text.json; path = emoji_shock.json; sourceTree = "<group>"; };
		3EB591561FFDB77E009DB357 /* ArrayExtension.swift */ = {isa = PBXFileReference; lastKnownFileType = sourcecode.swift; path = ArrayExtension.swift; sourceTree = "<group>"; };
		3EB591591FFEFBDF009DB357 /* EmptyStateFavCollectionViewCell.swift */ = {isa = PBXFileReference; lastKnownFileType = sourcecode.swift; path = EmptyStateFavCollectionViewCell.swift; sourceTree = "<group>"; };
		3EB5915A1FFEFBDF009DB357 /* EmptyStateFavCollectionViewCell.xib */ = {isa = PBXFileReference; lastKnownFileType = file.xib; path = EmptyStateFavCollectionViewCell.xib; sourceTree = "<group>"; };
		3EB5915F1FFF43EB009DB357 /* MatchesVC.swift */ = {isa = PBXFileReference; lastKnownFileType = sourcecode.swift; path = MatchesVC.swift; sourceTree = "<group>"; };
		3EB591611FFF46C3009DB357 /* antenna.json */ = {isa = PBXFileReference; fileEncoding = 4; lastKnownFileType = text.json; path = antenna.json; sourceTree = "<group>"; };
		3EB591621FFF46C4009DB357 /* drink.json */ = {isa = PBXFileReference; fileEncoding = 4; lastKnownFileType = text.json; path = drink.json; sourceTree = "<group>"; };
		3EB591661FFF46F0009DB357 /* noCoupleEmptyStateTableViewCell.swift */ = {isa = PBXFileReference; lastKnownFileType = sourcecode.swift; path = noCoupleEmptyStateTableViewCell.swift; sourceTree = "<group>"; };
		3EB591671FFF46F0009DB357 /* noCoupleEmptyStateTableViewCell.xib */ = {isa = PBXFileReference; lastKnownFileType = file.xib; path = noCoupleEmptyStateTableViewCell.xib; sourceTree = "<group>"; };
		3EED6321203A611700130119 /* genderSingleton.swift */ = {isa = PBXFileReference; lastKnownFileType = sourcecode.swift; path = genderSingleton.swift; sourceTree = "<group>"; };
		3EF6AC1C1FF7588900EE5D23 /* babyNameIOSRelease-Info.plist */ = {isa = PBXFileReference; lastKnownFileType = text.plist.xml; name = "babyNameIOSRelease-Info.plist"; path = "/Users/carlosrodriguez/Documents/GitHub/babyNameIOS/babyNameIOS/babyNameIOS/babyNameIOSRelease-Info.plist"; sourceTree = "<absolute>"; };
		867A8C33AF406AB6E9821C3B /* Pods-babyNameIOS.debug.xcconfig */ = {isa = PBXFileReference; includeInIndex = 1; lastKnownFileType = text.xcconfig; name = "Pods-babyNameIOS.debug.xcconfig"; path = "Pods/Target Support Files/Pods-babyNameIOS/Pods-babyNameIOS.debug.xcconfig"; sourceTree = "<group>"; };
		B06A4721FC312266E5EF8920 /* Pods-babyNameIOS.release.xcconfig */ = {isa = PBXFileReference; includeInIndex = 1; lastKnownFileType = text.xcconfig; name = "Pods-babyNameIOS.release.xcconfig"; path = "Pods/Target Support Files/Pods-babyNameIOS/Pods-babyNameIOS.release.xcconfig"; sourceTree = "<group>"; };
		E491BAF1D0B92A4F15059009 /* Pods_babyNameIOS.framework */ = {isa = PBXFileReference; explicitFileType = wrapper.framework; includeInIndex = 0; path = Pods_babyNameIOS.framework; sourceTree = BUILT_PRODUCTS_DIR; };
		E6EBC7F4E89371855F47D323 /* Pods_babyNameIOSTests.framework */ = {isa = PBXFileReference; explicitFileType = wrapper.framework; includeInIndex = 0; path = Pods_babyNameIOSTests.framework; sourceTree = BUILT_PRODUCTS_DIR; };
		F218C517AC4CAA77677454F0 /* Pods-babyNameIOSTests.debug.xcconfig */ = {isa = PBXFileReference; includeInIndex = 1; lastKnownFileType = text.xcconfig; name = "Pods-babyNameIOSTests.debug.xcconfig"; path = "Pods/Target Support Files/Pods-babyNameIOSTests/Pods-babyNameIOSTests.debug.xcconfig"; sourceTree = "<group>"; };
		F5A9D8F8EB611D82664426F2 /* Pods-babyNameIOSTests.release.xcconfig */ = {isa = PBXFileReference; includeInIndex = 1; lastKnownFileType = text.xcconfig; name = "Pods-babyNameIOSTests.release.xcconfig"; path = "Pods/Target Support Files/Pods-babyNameIOSTests/Pods-babyNameIOSTests.release.xcconfig"; sourceTree = "<group>"; };
/* End PBXFileReference section */

/* Begin PBXFrameworksBuildPhase section */
		3E6A3A661FDA21B6002E17D8 /* Frameworks */ = {
			isa = PBXFrameworksBuildPhase;
			buildActionMask = 2147483647;
			files = (
				40BC6DCA87C0AED8D9DC710F /* Pods_babyNameIOS.framework in Frameworks */,
				3E355ADF1FDA276E00CF81A0 /* FBSDKCoreKit.framework in Frameworks */,
				3E355AE01FDA276E00CF81A0 /* FBSDKLoginKit.framework in Frameworks */,
				3E355AE21FDA281000CF81A0 /* Bolts.framework in Frameworks */,
			);
			runOnlyForDeploymentPostprocessing = 0;
		};
		3E6A3A7D1FDA21B6002E17D8 /* Frameworks */ = {
			isa = PBXFrameworksBuildPhase;
			buildActionMask = 2147483647;
			files = (
				A709135B863C8A78792F94D2 /* Pods_babyNameIOSTests.framework in Frameworks */,
			);
			runOnlyForDeploymentPostprocessing = 0;
		};
/* End PBXFrameworksBuildPhase section */

/* Begin PBXGroup section */
		35472E281F3EDC708BE6786F /* Frameworks */ = {
			isa = PBXGroup;
			children = (
				E491BAF1D0B92A4F15059009 /* Pods_babyNameIOS.framework */,
				E6EBC7F4E89371855F47D323 /* Pods_babyNameIOSTests.framework */,
			);
			name = Frameworks;
			sourceTree = "<group>";
		};
		3E25721E1FDF96540072AC70 /* BabysNames */ = {
			isa = PBXGroup;
			children = (
				3E2572211FDFA42F0072AC70 /* MakeMatchVC.swift */,
				3E885C5F1FF23D6400BB4BB5 /* CardView.swift */,
				3E885C5D1FF23D5200BB4BB5 /* CardContentView.xib */,
				3E27B47A1FF4EA81007D48AA /* Cells */,
				3E4E1DCA1FEA53BF00DBE53C /* SelectGenderVC */,
			);
			path = BabysNames;
			sourceTree = "<group>";
		};
		3E25721F1FDF96780072AC70 /* UserProfileVC */ = {
			isa = PBXGroup;
			children = (
				3E2572231FDFA4460072AC70 /* UserProfileVC.swift */,
				3E6CBE6F1FDFA9C400A1A445 /* Cells */,
				3E92F7652055DBBF00023C3C /* Licenses */,
				3E35F2381FE1C5F5008C17D8 /* About Us */,
				3E35F2351FE1B873008C17D8 /* ShowQR */,
				3E35F22B1FE0F298008C17D8 /* ScanQR */,
			);
			path = UserProfileVC;
			sourceTree = "<group>";
		};
		3E2572201FDF98AE0072AC70 /* MatchesVC */ = {
			isa = PBXGroup;
			children = (
				3EB5915F1FFF43EB009DB357 /* MatchesVC.swift */,
				3EB591651FFF46CD009DB357 /* Cell */,
			);
			path = MatchesVC;
			sourceTree = "<group>";
		};
		3E27B47A1FF4EA81007D48AA /* Cells */ = {
			isa = PBXGroup;
			children = (
				3E27B47B1FF4EAAD007D48AA /* titleCardTableViewCell.swift */,
				3E27B47C1FF4EAAD007D48AA /* titleCardTableViewCell.xib */,
				3E27B47F1FF4ED73007D48AA /* InfoCardTableViewCell.swift */,
				3E27B4801FF4ED73007D48AA /* InfoCardTableViewCell.xib */,
			);
			path = Cells;
			sourceTree = "<group>";
		};
		3E27B4841FF6001F007D48AA /* Cells */ = {
			isa = PBXGroup;
			children = (
				3E27B4851FF600A0007D48AA /* FavCollectionViewCell.swift */,
				3E27B4861FF600A0007D48AA /* FavCollectionViewCell.xib */,
				3EB591591FFEFBDF009DB357 /* EmptyStateFavCollectionViewCell.swift */,
				3EB5915A1FFEFBDF009DB357 /* EmptyStateFavCollectionViewCell.xib */,
			);
			path = Cells;
			sourceTree = "<group>";
		};
		3E355ADC1FDA273700CF81A0 /* Extras */ = {
			isa = PBXGroup;
			children = (
				3E92F7632055D58700023C3C /* ShareManager.swift */,
				3E885C541FF239AF00BB4BB5 /* ZLSwippe */,
				3E355AFB1FDA308900CF81A0 /* LilithProgressHUD.swift */,
				3E355AF91FDA307A00CF81A0 /* GradientView.swift */,
				3E355AE11FDA280F00CF81A0 /* Bolts.framework */,
				3E355ADD1FDA276E00CF81A0 /* FBSDKCoreKit.framework */,
				3E355ADE1FDA276E00CF81A0 /* FBSDKLoginKit.framework */,
			);
			path = Extras;
			sourceTree = "<group>";
		};
		3E355AE51FDA2FC000CF81A0 /* Extensions */ = {
			isa = PBXGroup;
			children = (
				3E355B381FDA5A2500CF81A0 /* UINavigationBar+Custom.swift */,
				3E355AEE1FDA301400CF81A0 /* Storyboard-Extension.swift */,
				3E355AF21FDA303900CF81A0 /* UIColor-Extension.swift */,
				3E355AEC1FDA300A00CF81A0 /* NSUserDefaults-Extension.swift */,
				3E355AEA1FDA2FFD00CF81A0 /* keyboard-Extension.swift */,
				3E355AE61FDA2FD800CF81A0 /* Bundle-Extension.swift */,
				3E355AE81FDA2FEF00CF81A0 /* Generics-Extension.swift */,
				3E355AF01FDA301F00CF81A0 /* String-Extension.swift */,
				3EB591561FFDB77E009DB357 /* ArrayExtension.swift */,
			);
			path = Extensions;
			sourceTree = "<group>";
		};
		3E355AF41FDA305600CF81A0 /* Resources */ = {
			isa = PBXGroup;
			children = (
				3E6A3A761FDA21B6002E17D8 /* Assets.xcassets */,
				3E355B531FDE6B2300CF81A0 /* LocalizatedStings */,
				3E355B401FDE5DBE00CF81A0 /* LottieAnimations */,
				3E16BB141FDF3F6F00CC0E2C /* Varela.otf */,
				3E16BB131FDF3F6E00CC0E2C /* ProximaNova-Regular.otf */,
				3E355AF61FDA306500CF81A0 /* VarelaRound-Regular.ttf */,
				3E355AF51FDA306500CF81A0 /* wissen.ttf */,
			);
			path = Resources;
			sourceTree = "<group>";
		};
		3E355AFD1FDA30BF00CF81A0 /* Models */ = {
			isa = PBXGroup;
			children = (
				3E355B101FDA316C00CF81A0 /* UserItem.swift */,
				3E355B0F1FDA316C00CF81A0 /* UserProfile.swift */,
				3E355B0B1FDA311C00CF81A0 /* BaseNSObject.swift */,
				3E355B0D1FDA314000CF81A0 /* BaseObjects.swift */,
				3E355AFE1FDA30CF00CF81A0 /* User.swift */,
			);
			path = Models;
			sourceTree = "<group>";
		};
		3E355B001FDA30F700CF81A0 /* Util */ = {
			isa = PBXGroup;
			children = (
				3E355B1A1FDA31B800CF81A0 /* PlistManager.swift */,
				3E355B1F1FDA325E00CF81A0 /* UIImageExtension.swift */,
				3E355B031FDA310E00CF81A0 /* Constants.swift */,
				3E355B011FDA310E00CF81A0 /* Formatter.swift */,
				3E355B021FDA310E00CF81A0 /* GUConfigHandler.swift */,
				3E355B041FDA310F00CF81A0 /* GULogger.swift */,
				3E355B051FDA310F00CF81A0 /* Imagen_resize.swift */,
				3E355B2D1FDA371600CF81A0 /* DispatchHelper.swift */,
				3EED6321203A611700130119 /* genderSingleton.swift */,
				3E2B8F1A204CCA3D00AFE6E9 /* AdversimentClass.swift */,
			);
			path = Util;
			sourceTree = "<group>";
		};
		3E355B131FDA317F00CF81A0 /* Base */ = {
			isa = PBXGroup;
			children = (
				3E355B141FDA319100CF81A0 /* BaseViewController.swift */,
			);
			path = Base;
			sourceTree = "<group>";
		};
		3E355B161FDA319B00CF81A0 /* API */ = {
			isa = PBXGroup;
			children = (
				3E355B191FDA31B800CF81A0 /* AFWrapper.swift */,
				3E355B181FDA31B700CF81A0 /* APIConection.swift */,
				3E355B171FDA31B700CF81A0 /* MyData.plist */,
				3E35F2241FE09783008C17D8 /* Login */,
				3E35F2251FE09798008C17D8 /* Users */,
			);
			path = API;
			sourceTree = "<group>";
		};
		3E355B251FDA355D00CF81A0 /* VC */ = {
			isa = PBXGroup;
			children = (
				3E355B371FDA57F400CF81A0 /* MainVC */,
				3E355B301FDA561E00CF81A0 /* LaunchScreen */,
				3E355B2F1FDA560500CF81A0 /* MainStoryboard */,
				3E355B261FDA356E00CF81A0 /* Login */,
			);
			path = VC;
			sourceTree = "<group>";
		};
		3E355B261FDA356E00CF81A0 /* Login */ = {
			isa = PBXGroup;
			children = (
				3E355B291FDA362F00CF81A0 /* LoginNavC.swift */,
				3E355B321FDA568100CF81A0 /* MainLoginVC.swift */,
			);
			path = Login;
			sourceTree = "<group>";
		};
		3E355B2F1FDA560500CF81A0 /* MainStoryboard */ = {
			isa = PBXGroup;
			children = (
				3E6A3A701FDA21B6002E17D8 /* Main.storyboard */,
			);
			path = MainStoryboard;
			sourceTree = "<group>";
		};
		3E355B301FDA561E00CF81A0 /* LaunchScreen */ = {
			isa = PBXGroup;
			children = (
				3E6A3A781FDA21B6002E17D8 /* LaunchScreen.storyboard */,
			);
			path = LaunchScreen;
			sourceTree = "<group>";
		};
		3E355B311FDA564A00CF81A0 /* DB */ = {
			isa = PBXGroup;
			children = (
				3E35B33A1FF878E100175DFD /* Models */,
				3E6A3A731FDA21B6002E17D8 /* babyNameIOS.xcdatamodeld */,
			);
			path = DB;
			sourceTree = "<group>";
		};
		3E355B371FDA57F400CF81A0 /* MainVC */ = {
			isa = PBXGroup;
			children = (
				3E25721C1FDF95180072AC70 /* MainTabBarController.swift */,
				3E25721E1FDF96540072AC70 /* BabysNames */,
				3E2572201FDF98AE0072AC70 /* MatchesVC */,
				3EB591581FFEF566009DB357 /* Favourites */,
				3E25721F1FDF96780072AC70 /* UserProfileVC */,
			);
			path = MainVC;
			sourceTree = "<group>";
		};
		3E355B401FDE5DBE00CF81A0 /* LottieAnimations */ = {
			isa = PBXGroup;
			children = (
				3E944F62203D06E900BCAC3A /* empty_box.json */,
				3E35F2431FE46C45008C17D8 /* android.json */,
				3E35F2521FE48030008C17D8 /* animated_laptop_.json */,
				3E355B411FDE5DCC00CF81A0 /* animated_color_options.json */,
				3EB591611FFF46C3009DB357 /* antenna.json */,
				3EB591621FFF46C4009DB357 /* drink.json */,
				3E90CCDA200DC62000D1FE0D /* empty_list.json */,
				3E35F2541FE48035008C17D8 /* skeleton_loading.json */,
				3E944F64203D118200BCAC3A /* emoji_shock.json */,
				3E6AD969200300330061EE2A /* emoji_wink.json */,
				3E355B6C1FDF11C400CF81A0 /* account_success.json */,
				3E35F23B1FE46C38008C17D8 /* 5_stars.json */,
				3E35F23E1FE46C39008C17D8 /* empty_list.json */,
				3E35F23C1FE46C39008C17D8 /* iphone_x_loading.json */,
				3E35F23D1FE46C39008C17D8 /* spirit_geek.json */,
				3E355B6E1FDF11D000CF81A0 /* swipe_left.json */,
				3E355B481FDE5DCD00CF81A0 /* bookmark_animation.json */,
				3E355B461FDE5DCD00CF81A0 /* empty_status.json */,
				3E355B431FDE5DCD00CF81A0 /* exploding_heart.json */,
				3E355B451FDE5DCD00CF81A0 /* kodeqr_animation.json */,
				3E355B421FDE5DCC00CF81A0 /* like.json */,
				3E355B471FDE5DCD00CF81A0 /* scan_qr_code_success.json */,
				3E355B441FDE5DCD00CF81A0 /* shrug.json */,
			);
			path = LottieAnimations;
			sourceTree = "<group>";
		};
		3E355B531FDE6B2300CF81A0 /* LocalizatedStings */ = {
			isa = PBXGroup;
			children = (
				3E355B5E1FDE6D2600CF81A0 /* StringsStructure.swift */,
				3E355B6A1FDE710600CF81A0 /* Loc.strings */,
			);
			path = LocalizatedStings;
			sourceTree = "<group>";
		};
		3E35B33A1FF878E100175DFD /* Models */ = {
			isa = PBXGroup;
			children = (
				3E35B33B1FF878F700175DFD /* RealmModels.swift */,
				3E35B33D1FFCC2CB00175DFD /* RealmHelper.swift */,
			);
			path = Models;
			sourceTree = "<group>";
		};
		3E35F2241FE09783008C17D8 /* Login */ = {
			isa = PBXGroup;
			children = (
				3E355B271FDA358100CF81A0 /* LoginHandler.swift */,
			);
			path = Login;
			sourceTree = "<group>";
		};
		3E35F2251FE09798008C17D8 /* Users */ = {
			isa = PBXGroup;
			children = (
				3E35F2221FE0977C008C17D8 /* UserData.swift */,
			);
			path = Users;
			sourceTree = "<group>";
		};
		3E35F22B1FE0F298008C17D8 /* ScanQR */ = {
			isa = PBXGroup;
			children = (
				3E35F2301FE102D7008C17D8 /* ScanerViewController.swift */,
			);
			path = ScanQR;
			sourceTree = "<group>";
		};
		3E35F2351FE1B873008C17D8 /* ShowQR */ = {
			isa = PBXGroup;
			children = (
				3E35F2361FE1BC44008C17D8 /* ShowQRViewController.swift */,
			);
			path = ShowQR;
			sourceTree = "<group>";
		};
		3E35F2381FE1C5F5008C17D8 /* About Us */ = {
			isa = PBXGroup;
			children = (
				3E35F2391FE1C60C008C17D8 /* AboutUSViewController.swift */,
				3E35F2451FE46CD5008C17D8 /* Cells */,
			);
			path = "About Us";
			sourceTree = "<group>";
		};
		3E35F2451FE46CD5008C17D8 /* Cells */ = {
			isa = PBXGroup;
			children = (
				3E35F2461FE46CF1008C17D8 /* iosDeveloperTableViewCell.swift */,
				3E35F2471FE46CF1008C17D8 /* iosDeveloperTableViewCell.xib */,
				3E35F24A1FE474C1008C17D8 /* androidDeveloperTableViewCell.swift */,
				3E35F24B1FE474C1008C17D8 /* androidDeveloperTableViewCell.xib */,
				3E35F24E1FE47CF9008C17D8 /* webDeveloperTableViewCell.swift */,
				3E35F24F1FE47CF9008C17D8 /* webDeveloperTableViewCell.xib */,
				3E9115CC2055998C00C92018 /* logoForAboutTableViewCell.swift */,
				3E9115CD2055998C00C92018 /* logoForAboutTableViewCell.xib */,
			);
			path = Cells;
			sourceTree = "<group>";
		};
		3E4E1DCA1FEA53BF00DBE53C /* SelectGenderVC */ = {
			isa = PBXGroup;
			children = (
				3E4E1DCB1FEA53F000DBE53C /* SelectGenderViewController.swift */,
			);
			path = SelectGenderVC;
			sourceTree = "<group>";
		};
		3E6A3A601FDA21B6002E17D8 = {
			isa = PBXGroup;
			children = (
				3E6A3A6B1FDA21B6002E17D8 /* babyNameIOS */,
				3E6A3A831FDA21B6002E17D8 /* babyNameIOSTests */,
				3E6A3A6A1FDA21B6002E17D8 /* Products */,
				E465011CF1AC8B3FFAD2819D /* Pods */,
				35472E281F3EDC708BE6786F /* Frameworks */,
			);
			sourceTree = "<group>";
		};
		3E6A3A6A1FDA21B6002E17D8 /* Products */ = {
			isa = PBXGroup;
			children = (
				3E6A3A691FDA21B6002E17D8 /* babyNameIOS.app */,
				3E6A3A801FDA21B6002E17D8 /* babyNameIOSTests.xctest */,
			);
			name = Products;
			sourceTree = "<group>";
		};
		3E6A3A6B1FDA21B6002E17D8 /* babyNameIOS */ = {
			isa = PBXGroup;
			children = (
				3E355B3D1FDA797C00CF81A0 /* babyNameIOS.entitlements */,
				3E355B341FDA572500CF81A0 /* babyNameIOS-Bridging-Header.h */,
				3E6A3A6C1FDA21B6002E17D8 /* AppDelegate.swift */,
				3E355B221FDA333400CF81A0 /* AppSetupRootVC.swift */,
				3E6A3A7B1FDA21B6002E17D8 /* Info.plist */,
				3EF6AC1C1FF7588900EE5D23 /* babyNameIOSRelease-Info.plist */,
				3E355B311FDA564A00CF81A0 /* DB */,
				3E355B251FDA355D00CF81A0 /* VC */,
				3E355B161FDA319B00CF81A0 /* API */,
				3E355B131FDA317F00CF81A0 /* Base */,
				3E355B001FDA30F700CF81A0 /* Util */,
				3E355AFD1FDA30BF00CF81A0 /* Models */,
				3E355AF41FDA305600CF81A0 /* Resources */,
				3E355AE51FDA2FC000CF81A0 /* Extensions */,
				3E355ADC1FDA273700CF81A0 /* Extras */,
			);
			path = babyNameIOS;
			sourceTree = "<group>";
		};
		3E6A3A831FDA21B6002E17D8 /* babyNameIOSTests */ = {
			isa = PBXGroup;
			children = (
				3E6A3A841FDA21B6002E17D8 /* babyNameIOSTests.swift */,
				3E6A3A861FDA21B6002E17D8 /* Info.plist */,
			);
			path = babyNameIOSTests;
			sourceTree = "<group>";
		};
		3E6CBE6F1FDFA9C400A1A445 /* Cells */ = {
			isa = PBXGroup;
			children = (
				3E6CBE701FDFA9ED00A1A445 /* UserProfileHeaderTVCell.swift */,
				3E6CBE711FDFA9ED00A1A445 /* UserProfileHeaderTVCell.xib */,
				3E35F2161FE0534C008C17D8 /* BackgroundTVCell.swift */,
				3E35F2171FE0534C008C17D8 /* BackgroundTVCell.xib */,
				3E35F21A1FE057BB008C17D8 /* ProfileOptionsTVCell.swift */,
				3E35F21B1FE057BB008C17D8 /* ProfileOptionsTVCell.xib */,
				3E35F21E1FE06B68008C17D8 /* ManagePartnerTVCell.swift */,
				3E35F21F1FE06B68008C17D8 /* ManagePartnerTVCell.xib */,
			);
			path = Cells;
			sourceTree = "<group>";
		};
		3E885C541FF239AF00BB4BB5 /* ZLSwippe */ = {
			isa = PBXGroup;
			children = (
				3E885C551FF239C900BB4BB5 /* Direction.swift */,
				3E885C581FF239CA00BB4BB5 /* Scheduler.swift */,
				3E885C571FF239CA00BB4BB5 /* ViewManager.swift */,
				3E885C561FF239C900BB4BB5 /* ZLSwipeableView.swift */,
			);
			path = ZLSwippe;
			sourceTree = "<group>";
		};
		3E92F7652055DBBF00023C3C /* Licenses */ = {
			isa = PBXGroup;
			children = (
				3E92F7662055DBEA00023C3C /* LicensesVC.swift */,
				3E92F7682055DCCC00023C3C /* Cell */,
			);
			path = Licenses;
			sourceTree = "<group>";
		};
		3E92F7682055DCCC00023C3C /* Cell */ = {
			isa = PBXGroup;
			children = (
				3E92F7692055DCE900023C3C /* LicensesTableViewCell.swift */,
				3E92F76A2055DCE900023C3C /* LicensesTableViewCell.xib */,
			);
			path = Cell;
			sourceTree = "<group>";
		};
		3EB591581FFEF566009DB357 /* Favourites */ = {
			isa = PBXGroup;
			children = (
				3E2572251FDFA4640072AC70 /* FavouritesVC.swift */,
				3E27B4841FF6001F007D48AA /* Cells */,
			);
			path = Favourites;
			sourceTree = "<group>";
		};
		3EB591651FFF46CD009DB357 /* Cell */ = {
			isa = PBXGroup;
			children = (
				3EB591661FFF46F0009DB357 /* noCoupleEmptyStateTableViewCell.swift */,
				3EB591671FFF46F0009DB357 /* noCoupleEmptyStateTableViewCell.xib */,
				3E6AD9612001F3CF0061EE2A /* MatchTableViewCell.swift */,
				3E6AD9622001F3CF0061EE2A /* MatchTableViewCell.xib */,
				3E6AD9652002D46C0061EE2A /* emptyStateMatchesTableViewCell.swift */,
				3E6AD9662002D46C0061EE2A /* emptyStateMatchesTableViewCell.xib */,
			);
			path = Cell;
			sourceTree = "<group>";
		};
		E465011CF1AC8B3FFAD2819D /* Pods */ = {
			isa = PBXGroup;
			children = (
				867A8C33AF406AB6E9821C3B /* Pods-babyNameIOS.debug.xcconfig */,
				B06A4721FC312266E5EF8920 /* Pods-babyNameIOS.release.xcconfig */,
				F218C517AC4CAA77677454F0 /* Pods-babyNameIOSTests.debug.xcconfig */,
				F5A9D8F8EB611D82664426F2 /* Pods-babyNameIOSTests.release.xcconfig */,
			);
			name = Pods;
			sourceTree = "<group>";
		};
/* End PBXGroup section */

/* Begin PBXNativeTarget section */
		3E6A3A681FDA21B6002E17D8 /* babyNameIOS */ = {
			isa = PBXNativeTarget;
			buildConfigurationList = 3E6A3A891FDA21B6002E17D8 /* Build configuration list for PBXNativeTarget "babyNameIOS" */;
			buildPhases = (
				EEC544F697F6D5FF60A5CA1E /* [CP] Check Pods Manifest.lock */,
				3E6A3A651FDA21B6002E17D8 /* Sources */,
				3E6A3A661FDA21B6002E17D8 /* Frameworks */,
				3E6A3A671FDA21B6002E17D8 /* Resources */,
				B0C68BA6668963CBE8CB31D2 /* [CP] Embed Pods Frameworks */,
				C55D7215B16302529814BE6C /* [CP] Copy Pods Resources */,
			);
			buildRules = (
			);
			dependencies = (
			);
			name = babyNameIOS;
			productName = babyNameIOS;
			productReference = 3E6A3A691FDA21B6002E17D8 /* babyNameIOS.app */;
			productType = "com.apple.product-type.application";
		};
		3E6A3A7F1FDA21B6002E17D8 /* babyNameIOSTests */ = {
			isa = PBXNativeTarget;
			buildConfigurationList = 3E6A3A8C1FDA21B6002E17D8 /* Build configuration list for PBXNativeTarget "babyNameIOSTests" */;
			buildPhases = (
				D29A86F9B36B5453E7CF8B36 /* [CP] Check Pods Manifest.lock */,
				3E6A3A7C1FDA21B6002E17D8 /* Sources */,
				3E6A3A7D1FDA21B6002E17D8 /* Frameworks */,
				3E6A3A7E1FDA21B6002E17D8 /* Resources */,
				5852EACB58D61A556BF80BC4 /* [CP] Embed Pods Frameworks */,
				ADFE67863C4A465A79F7A287 /* [CP] Copy Pods Resources */,
			);
			buildRules = (
			);
			dependencies = (
				3E6A3A821FDA21B6002E17D8 /* PBXTargetDependency */,
			);
			name = babyNameIOSTests;
			productName = babyNameIOSTests;
			productReference = 3E6A3A801FDA21B6002E17D8 /* babyNameIOSTests.xctest */;
			productType = "com.apple.product-type.bundle.unit-test";
		};
/* End PBXNativeTarget section */

/* Begin PBXProject section */
		3E6A3A611FDA21B6002E17D8 /* Project object */ = {
			isa = PBXProject;
			attributes = {
				LastSwiftUpdateCheck = 0920;
				LastUpgradeCheck = 0920;
				ORGANIZATIONNAME = "Carlos Rodriguez";
				TargetAttributes = {
					3E6A3A681FDA21B6002E17D8 = {
						CreatedOnToolsVersion = 9.2;
						LastSwiftMigration = 0920;
						ProvisioningStyle = Manual;
						SystemCapabilities = {
							com.apple.Keychain = {
								enabled = 1;
							};
						};
					};
					3E6A3A7F1FDA21B6002E17D8 = {
						CreatedOnToolsVersion = 9.2;
						ProvisioningStyle = Automatic;
						TestTargetID = 3E6A3A681FDA21B6002E17D8;
					};
				};
			};
			buildConfigurationList = 3E6A3A641FDA21B6002E17D8 /* Build configuration list for PBXProject "babyNameIOS" */;
			compatibilityVersion = "Xcode 8.0";
			developmentRegion = en;
			hasScannedForEncodings = 0;
			knownRegions = (
				en,
				Base,
				"es-419",
			);
			mainGroup = 3E6A3A601FDA21B6002E17D8;
			productRefGroup = 3E6A3A6A1FDA21B6002E17D8 /* Products */;
			projectDirPath = "";
			projectRoot = "";
			targets = (
				3E6A3A681FDA21B6002E17D8 /* babyNameIOS */,
				3E6A3A7F1FDA21B6002E17D8 /* babyNameIOSTests */,
			);
		};
/* End PBXProject section */

/* Begin PBXResourcesBuildPhase section */
		3E6A3A671FDA21B6002E17D8 /* Resources */ = {
			isa = PBXResourcesBuildPhase;
			buildActionMask = 2147483647;
			files = (
				3E885C5E1FF23D5200BB4BB5 /* CardContentView.xib in Resources */,
				3E27B47E1FF4EAAD007D48AA /* titleCardTableViewCell.xib in Resources */,
				3E35F21D1FE057BB008C17D8 /* ProfileOptionsTVCell.xib in Resources */,
				3E355B501FDE5DCD00CF81A0 /* bookmark_animation.json in Resources */,
				3E9115CF2055998C00C92018 /* logoForAboutTableViewCell.xib in Resources */,
				3E35F24D1FE474C1008C17D8 /* androidDeveloperTableViewCell.xib in Resources */,
				3E355B6D1FDF11C500CF81A0 /* account_success.json in Resources */,
				3EB5915C1FFEFBDF009DB357 /* EmptyStateFavCollectionViewCell.xib in Resources */,
				3E355B6F1FDF11D000CF81A0 /* swipe_left.json in Resources */,
				3E27B4821FF4ED73007D48AA /* InfoCardTableViewCell.xib in Resources */,
				3EB591631FFF46C4009DB357 /* antenna.json in Resources */,
				3E35F2191FE0534C008C17D8 /* BackgroundTVCell.xib in Resources */,
				3E35F2401FE46C3A008C17D8 /* iphone_x_loading.json in Resources */,
				3E35F2551FE48035008C17D8 /* skeleton_loading.json in Resources */,
				3E6AD96A200300330061EE2A /* emoji_wink.json in Resources */,
				3E6A3A7A1FDA21B6002E17D8 /* LaunchScreen.storyboard in Resources */,
				3E355AF81FDA306500CF81A0 /* VarelaRound-Regular.ttf in Resources */,
				3E355B1B1FDA31B800CF81A0 /* MyData.plist in Resources */,
				3E6A3A771FDA21B6002E17D8 /* Assets.xcassets in Resources */,
				3E35F2491FE46CF1008C17D8 /* iosDeveloperTableViewCell.xib in Resources */,
				3E90CCDB200DC62000D1FE0D /* empty_list.json in Resources */,
				3E6CBE731FDFA9ED00A1A445 /* UserProfileHeaderTVCell.xib in Resources */,
				3E6A3A721FDA21B6002E17D8 /* Main.storyboard in Resources */,
				3E944F65203D118200BCAC3A /* emoji_shock.json in Resources */,
				3EB591641FFF46C4009DB357 /* drink.json in Resources */,
				3E35F2531FE48030008C17D8 /* animated_laptop_.json in Resources */,
				3E355B681FDE710600CF81A0 /* Loc.strings in Resources */,
				3E355B491FDE5DCD00CF81A0 /* animated_color_options.json in Resources */,
				3E35F23F1FE46C3A008C17D8 /* 5_stars.json in Resources */,
				3E6AD9642001F3CF0061EE2A /* MatchTableViewCell.xib in Resources */,
				3E35F2511FE47CF9008C17D8 /* webDeveloperTableViewCell.xib in Resources */,
				3E355B4A1FDE5DCD00CF81A0 /* like.json in Resources */,
				3E27B4881FF600A0007D48AA /* FavCollectionViewCell.xib in Resources */,
				3E35F2211FE06B68008C17D8 /* ManagePartnerTVCell.xib in Resources */,
				3E16BB151FDF3F7000CC0E2C /* ProximaNova-Regular.otf in Resources */,
				3E35F2411FE46C3A008C17D8 /* spirit_geek.json in Resources */,
				3E35F2421FE46C3A008C17D8 /* empty_list.json in Resources */,
				3E16BB161FDF3F7000CC0E2C /* Varela.otf in Resources */,
				3EB591691FFF46F0009DB357 /* noCoupleEmptyStateTableViewCell.xib in Resources */,
				3E944F63203D06EA00BCAC3A /* empty_box.json in Resources */,
				3E35F2441FE46C45008C17D8 /* android.json in Resources */,
				3E355B4E1FDE5DCD00CF81A0 /* empty_status.json in Resources */,
				3E355AF71FDA306500CF81A0 /* wissen.ttf in Resources */,
				3E6AD9682002D46C0061EE2A /* emptyStateMatchesTableViewCell.xib in Resources */,
				3E355B4B1FDE5DCD00CF81A0 /* exploding_heart.json in Resources */,
				3E355B4C1FDE5DCD00CF81A0 /* shrug.json in Resources */,
				3E355B4F1FDE5DCD00CF81A0 /* scan_qr_code_success.json in Resources */,
				3E92F76C2055DCE900023C3C /* LicensesTableViewCell.xib in Resources */,
				3E355B4D1FDE5DCD00CF81A0 /* kodeqr_animation.json in Resources */,
			);
			runOnlyForDeploymentPostprocessing = 0;
		};
		3E6A3A7E1FDA21B6002E17D8 /* Resources */ = {
			isa = PBXResourcesBuildPhase;
			buildActionMask = 2147483647;
			files = (
			);
			runOnlyForDeploymentPostprocessing = 0;
		};
/* End PBXResourcesBuildPhase section */

/* Begin PBXShellScriptBuildPhase section */
		5852EACB58D61A556BF80BC4 /* [CP] Embed Pods Frameworks */ = {
			isa = PBXShellScriptBuildPhase;
			buildActionMask = 2147483647;
			files = (
			);
			inputPaths = (
			);
			name = "[CP] Embed Pods Frameworks";
			outputPaths = (
			);
			runOnlyForDeploymentPostprocessing = 0;
			shellPath = /bin/sh;
			shellScript = "\"${SRCROOT}/Pods/Target Support Files/Pods-babyNameIOSTests/Pods-babyNameIOSTests-frameworks.sh\"\n";
			showEnvVarsInLog = 0;
		};
		ADFE67863C4A465A79F7A287 /* [CP] Copy Pods Resources */ = {
			isa = PBXShellScriptBuildPhase;
			buildActionMask = 2147483647;
			files = (
			);
			inputPaths = (
			);
			name = "[CP] Copy Pods Resources";
			outputPaths = (
			);
			runOnlyForDeploymentPostprocessing = 0;
			shellPath = /bin/sh;
			shellScript = "\"${SRCROOT}/Pods/Target Support Files/Pods-babyNameIOSTests/Pods-babyNameIOSTests-resources.sh\"\n";
			showEnvVarsInLog = 0;
		};
		B0C68BA6668963CBE8CB31D2 /* [CP] Embed Pods Frameworks */ = {
			isa = PBXShellScriptBuildPhase;
			buildActionMask = 2147483647;
			files = (
			);
			inputPaths = (
				"${SRCROOT}/Pods/Target Support Files/Pods-babyNameIOS/Pods-babyNameIOS-frameworks.sh",
				"${BUILT_PRODUCTS_DIR}/Alamofire/Alamofire.framework",
				"${BUILT_PRODUCTS_DIR}/Cartography/Cartography.framework",
				"${PODS_ROOT}/Instabug/Instabug.framework",
				"${PODS_ROOT}/Instabug/Instabug.framework.dSYM",
				"${PODS_ROOT}/Instabug/InstabugCore.framework",
				"${PODS_ROOT}/Instabug/InstabugCore.framework.dSYM",
				"${BUILT_PRODUCTS_DIR}/MBProgressHUD/MBProgressHUD.framework",
				"${BUILT_PRODUCTS_DIR}/Popover/Popover.framework",
				"${BUILT_PRODUCTS_DIR}/Realm/Realm.framework",
				"${BUILT_PRODUCTS_DIR}/RealmSwift/RealmSwift.framework",
				"${BUILT_PRODUCTS_DIR}/SDWebImage/SDWebImage.framework",
				"${BUILT_PRODUCTS_DIR}/Spring/Spring.framework",
				"${BUILT_PRODUCTS_DIR}/SwiftDate/SwiftDate.framework",
				"${BUILT_PRODUCTS_DIR}/SwiftyJSON/SwiftyJSON.framework",
				"${BUILT_PRODUCTS_DIR}/TextFieldEffects/TextFieldEffects.framework",
				"${BUILT_PRODUCTS_DIR}/UIColor+FlatColors/UIColor_FlatColors.framework",
				"${BUILT_PRODUCTS_DIR}/lottie-ios/Lottie.framework",
			);
			name = "[CP] Embed Pods Frameworks";
			outputPaths = (
				"${TARGET_BUILD_DIR}/${FRAMEWORKS_FOLDER_PATH}/Alamofire.framework",
				"${TARGET_BUILD_DIR}/${FRAMEWORKS_FOLDER_PATH}/Cartography.framework",
				"${TARGET_BUILD_DIR}/${FRAMEWORKS_FOLDER_PATH}/Instabug.framework",
				"${DWARF_DSYM_FOLDER_PATH}/Instabug.framework.dSYM",
				"${TARGET_BUILD_DIR}/${FRAMEWORKS_FOLDER_PATH}/InstabugCore.framework",
				"${DWARF_DSYM_FOLDER_PATH}/InstabugCore.framework.dSYM",
				"${TARGET_BUILD_DIR}/${FRAMEWORKS_FOLDER_PATH}/MBProgressHUD.framework",
				"${TARGET_BUILD_DIR}/${FRAMEWORKS_FOLDER_PATH}/Popover.framework",
				"${TARGET_BUILD_DIR}/${FRAMEWORKS_FOLDER_PATH}/Realm.framework",
				"${TARGET_BUILD_DIR}/${FRAMEWORKS_FOLDER_PATH}/RealmSwift.framework",
				"${TARGET_BUILD_DIR}/${FRAMEWORKS_FOLDER_PATH}/SDWebImage.framework",
				"${TARGET_BUILD_DIR}/${FRAMEWORKS_FOLDER_PATH}/Spring.framework",
				"${TARGET_BUILD_DIR}/${FRAMEWORKS_FOLDER_PATH}/SwiftDate.framework",
				"${TARGET_BUILD_DIR}/${FRAMEWORKS_FOLDER_PATH}/SwiftyJSON.framework",
				"${TARGET_BUILD_DIR}/${FRAMEWORKS_FOLDER_PATH}/TextFieldEffects.framework",
				"${TARGET_BUILD_DIR}/${FRAMEWORKS_FOLDER_PATH}/UIColor_FlatColors.framework",
				"${TARGET_BUILD_DIR}/${FRAMEWORKS_FOLDER_PATH}/Lottie.framework",
			);
			runOnlyForDeploymentPostprocessing = 0;
			shellPath = /bin/sh;
			shellScript = "\"${SRCROOT}/Pods/Target Support Files/Pods-babyNameIOS/Pods-babyNameIOS-frameworks.sh\"\n";
			showEnvVarsInLog = 0;
		};
		C55D7215B16302529814BE6C /* [CP] Copy Pods Resources */ = {
			isa = PBXShellScriptBuildPhase;
			buildActionMask = 2147483647;
			files = (
			);
			inputPaths = (
				"${SRCROOT}/Pods/Target Support Files/Pods-babyNameIOS/Pods-babyNameIOS-resources.sh",
				"${PODS_ROOT}/Instabug/Instabug.framework/Instabug.bundle",
			);
			name = "[CP] Copy Pods Resources";
			outputPaths = (
				"${TARGET_BUILD_DIR}/${UNLOCALIZED_RESOURCES_FOLDER_PATH}",
			);
			runOnlyForDeploymentPostprocessing = 0;
			shellPath = /bin/sh;
			shellScript = "\"${SRCROOT}/Pods/Target Support Files/Pods-babyNameIOS/Pods-babyNameIOS-resources.sh\"\n";
			showEnvVarsInLog = 0;
		};
		D29A86F9B36B5453E7CF8B36 /* [CP] Check Pods Manifest.lock */ = {
			isa = PBXShellScriptBuildPhase;
			buildActionMask = 2147483647;
			files = (
			);
			inputPaths = (
				"${PODS_PODFILE_DIR_PATH}/Podfile.lock",
				"${PODS_ROOT}/Manifest.lock",
			);
			name = "[CP] Check Pods Manifest.lock";
			outputPaths = (
				"$(DERIVED_FILE_DIR)/Pods-babyNameIOSTests-checkManifestLockResult.txt",
			);
			runOnlyForDeploymentPostprocessing = 0;
			shellPath = /bin/sh;
			shellScript = "diff \"${PODS_PODFILE_DIR_PATH}/Podfile.lock\" \"${PODS_ROOT}/Manifest.lock\" > /dev/null\nif [ $? != 0 ] ; then\n    # print error to STDERR\n    echo \"error: The sandbox is not in sync with the Podfile.lock. Run 'pod install' or update your CocoaPods installation.\" >&2\n    exit 1\nfi\n# This output is used by Xcode 'outputs' to avoid re-running this script phase.\necho \"SUCCESS\" > \"${SCRIPT_OUTPUT_FILE_0}\"\n";
			showEnvVarsInLog = 0;
		};
		EEC544F697F6D5FF60A5CA1E /* [CP] Check Pods Manifest.lock */ = {
			isa = PBXShellScriptBuildPhase;
			buildActionMask = 2147483647;
			files = (
			);
			inputPaths = (
				"${PODS_PODFILE_DIR_PATH}/Podfile.lock",
				"${PODS_ROOT}/Manifest.lock",
			);
			name = "[CP] Check Pods Manifest.lock";
			outputPaths = (
				"$(DERIVED_FILE_DIR)/Pods-babyNameIOS-checkManifestLockResult.txt",
			);
			runOnlyForDeploymentPostprocessing = 0;
			shellPath = /bin/sh;
			shellScript = "diff \"${PODS_PODFILE_DIR_PATH}/Podfile.lock\" \"${PODS_ROOT}/Manifest.lock\" > /dev/null\nif [ $? != 0 ] ; then\n    # print error to STDERR\n    echo \"error: The sandbox is not in sync with the Podfile.lock. Run 'pod install' or update your CocoaPods installation.\" >&2\n    exit 1\nfi\n# This output is used by Xcode 'outputs' to avoid re-running this script phase.\necho \"SUCCESS\" > \"${SCRIPT_OUTPUT_FILE_0}\"\n";
			showEnvVarsInLog = 0;
		};
/* End PBXShellScriptBuildPhase section */

/* Begin PBXSourcesBuildPhase section */
		3E6A3A651FDA21B6002E17D8 /* Sources */ = {
			isa = PBXSourcesBuildPhase;
			buildActionMask = 2147483647;
			files = (
				3E35F24C1FE474C1008C17D8 /* androidDeveloperTableViewCell.swift in Sources */,
				3E355B0A1FDA310F00CF81A0 /* Imagen_resize.swift in Sources */,
				3E355AFF1FDA30CF00CF81A0 /* User.swift in Sources */,
				3E355B111FDA316C00CF81A0 /* UserProfile.swift in Sources */,
				3E355B331FDA568100CF81A0 /* MainLoginVC.swift in Sources */,
				3E355B151FDA319100CF81A0 /* BaseViewController.swift in Sources */,
				3E6CBE721FDFA9ED00A1A445 /* UserProfileHeaderTVCell.swift in Sources */,
				3E355AEF1FDA301400CF81A0 /* Storyboard-Extension.swift in Sources */,
				3E885C5C1FF239CA00BB4BB5 /* Scheduler.swift in Sources */,
				3E355B201FDA325E00CF81A0 /* UIImageExtension.swift in Sources */,
				3EB5915B1FFEFBDF009DB357 /* EmptyStateFavCollectionViewCell.swift in Sources */,
				3E35F2481FE46CF1008C17D8 /* iosDeveloperTableViewCell.swift in Sources */,
				3E35F2201FE06B68008C17D8 /* ManagePartnerTVCell.swift in Sources */,
				3E35B33E1FFCC2CB00175DFD /* RealmHelper.swift in Sources */,
				3E355B071FDA310F00CF81A0 /* GUConfigHandler.swift in Sources */,
				3E355AF31FDA303900CF81A0 /* UIColor-Extension.swift in Sources */,
				3EB591571FFDB77E009DB357 /* ArrayExtension.swift in Sources */,
				3E2572221FDFA42F0072AC70 /* MakeMatchVC.swift in Sources */,
				3E355B0E1FDA314000CF81A0 /* BaseObjects.swift in Sources */,
				3E355B121FDA316C00CF81A0 /* UserItem.swift in Sources */,
				3E355AFC1FDA308900CF81A0 /* LilithProgressHUD.swift in Sources */,
				3E27B4871FF600A0007D48AA /* FavCollectionViewCell.swift in Sources */,
				3E35F2501FE47CF9008C17D8 /* webDeveloperTableViewCell.swift in Sources */,
				3E2B8F1B204CCA3D00AFE6E9 /* AdversimentClass.swift in Sources */,
				3E355AFA1FDA307A00CF81A0 /* GradientView.swift in Sources */,
				3E35F2181FE0534C008C17D8 /* BackgroundTVCell.swift in Sources */,
				3E355B391FDA5A2500CF81A0 /* UINavigationBar+Custom.swift in Sources */,
				3E355B1E1FDA31B800CF81A0 /* PlistManager.swift in Sources */,
				3E885C5A1FF239CA00BB4BB5 /* ZLSwipeableView.swift in Sources */,
				3E355B1D1FDA31B800CF81A0 /* AFWrapper.swift in Sources */,
				3E885C591FF239CA00BB4BB5 /* Direction.swift in Sources */,
				3E35B33C1FF878F700175DFD /* RealmModels.swift in Sources */,
				3E355B081FDA310F00CF81A0 /* Constants.swift in Sources */,
				3E25721D1FDF95180072AC70 /* MainTabBarController.swift in Sources */,
				3E885C601FF23D6400BB4BB5 /* CardView.swift in Sources */,
				3E355B231FDA333400CF81A0 /* AppSetupRootVC.swift in Sources */,
				3E6AD9632001F3CF0061EE2A /* MatchTableViewCell.swift in Sources */,
				3E355B0C1FDA311C00CF81A0 /* BaseNSObject.swift in Sources */,
				3E27B4811FF4ED73007D48AA /* InfoCardTableViewCell.swift in Sources */,
				3E6AD9672002D46C0061EE2A /* emptyStateMatchesTableViewCell.swift in Sources */,
				3E355AE91FDA2FF000CF81A0 /* Generics-Extension.swift in Sources */,
				3E355AED1FDA300A00CF81A0 /* NSUserDefaults-Extension.swift in Sources */,
				3E2572241FDFA4460072AC70 /* UserProfileVC.swift in Sources */,
				3E92F76B2055DCE900023C3C /* LicensesTableViewCell.swift in Sources */,
				3E355B091FDA310F00CF81A0 /* GULogger.swift in Sources */,
				3E4E1DCC1FEA53F000DBE53C /* SelectGenderViewController.swift in Sources */,
				3E35F23A1FE1C60C008C17D8 /* AboutUSViewController.swift in Sources */,
				3E355B1C1FDA31B800CF81A0 /* APIConection.swift in Sources */,
				3EB591601FFF43EB009DB357 /* MatchesVC.swift in Sources */,
				3E92F7642055D58700023C3C /* ShareManager.swift in Sources */,
				3E355AEB1FDA2FFD00CF81A0 /* keyboard-Extension.swift in Sources */,
				3E35F2231FE0977C008C17D8 /* UserData.swift in Sources */,
				3E355AE71FDA2FD800CF81A0 /* Bundle-Extension.swift in Sources */,
				3EED6322203A611700130119 /* genderSingleton.swift in Sources */,
				3E35F2321FE102D7008C17D8 /* ScanerViewController.swift in Sources */,
				3E355B281FDA358100CF81A0 /* LoginHandler.swift in Sources */,
				3E355B061FDA310F00CF81A0 /* Formatter.swift in Sources */,
				3E2572261FDFA4640072AC70 /* FavouritesVC.swift in Sources */,
				3E9115CE2055998C00C92018 /* logoForAboutTableViewCell.swift in Sources */,
				3E35F2371FE1BC44008C17D8 /* ShowQRViewController.swift in Sources */,
				3E6A3A6D1FDA21B6002E17D8 /* AppDelegate.swift in Sources */,
				3E6A3A751FDA21B6002E17D8 /* babyNameIOS.xcdatamodeld in Sources */,
				3E27B47D1FF4EAAD007D48AA /* titleCardTableViewCell.swift in Sources */,
				3E92F7672055DBEA00023C3C /* LicensesVC.swift in Sources */,
				3E885C5B1FF239CA00BB4BB5 /* ViewManager.swift in Sources */,
				3E355B5F1FDE6D2600CF81A0 /* StringsStructure.swift in Sources */,
				3E35F21C1FE057BB008C17D8 /* ProfileOptionsTVCell.swift in Sources */,
				3E355AF11FDA301F00CF81A0 /* String-Extension.swift in Sources */,
				3E355B2A1FDA362F00CF81A0 /* LoginNavC.swift in Sources */,
				3E355B2E1FDA371600CF81A0 /* DispatchHelper.swift in Sources */,
				3EB591681FFF46F0009DB357 /* noCoupleEmptyStateTableViewCell.swift in Sources */,
			);
			runOnlyForDeploymentPostprocessing = 0;
		};
		3E6A3A7C1FDA21B6002E17D8 /* Sources */ = {
			isa = PBXSourcesBuildPhase;
			buildActionMask = 2147483647;
			files = (
				3E6A3A851FDA21B6002E17D8 /* babyNameIOSTests.swift in Sources */,
			);
			runOnlyForDeploymentPostprocessing = 0;
		};
/* End PBXSourcesBuildPhase section */

/* Begin PBXTargetDependency section */
		3E6A3A821FDA21B6002E17D8 /* PBXTargetDependency */ = {
			isa = PBXTargetDependency;
			target = 3E6A3A681FDA21B6002E17D8 /* babyNameIOS */;
			targetProxy = 3E6A3A811FDA21B6002E17D8 /* PBXContainerItemProxy */;
		};
/* End PBXTargetDependency section */

/* Begin PBXVariantGroup section */
		3E355B6A1FDE710600CF81A0 /* Loc.strings */ = {
			isa = PBXVariantGroup;
			children = (
				3E355B691FDE710600CF81A0 /* en */,
				3E355B6B1FDE710A00CF81A0 /* es-419 */,
			);
			name = Loc.strings;
			sourceTree = "<group>";
		};
		3E6A3A701FDA21B6002E17D8 /* Main.storyboard */ = {
			isa = PBXVariantGroup;
			children = (
				3E6A3A711FDA21B6002E17D8 /* Base */,
				3E355B521FDE6AE500CF81A0 /* es-419 */,
			);
			name = Main.storyboard;
			sourceTree = "<group>";
		};
		3E6A3A781FDA21B6002E17D8 /* LaunchScreen.storyboard */ = {
			isa = PBXVariantGroup;
			children = (
				3E6A3A791FDA21B6002E17D8 /* Base */,
				3E355B511FDE6AE500CF81A0 /* es-419 */,
			);
			name = LaunchScreen.storyboard;
			sourceTree = "<group>";
		};
/* End PBXVariantGroup section */

/* Begin XCBuildConfiguration section */
		3E6A3A871FDA21B6002E17D8 /* Debug */ = {
			isa = XCBuildConfiguration;
			buildSettings = {
				ALWAYS_SEARCH_USER_PATHS = NO;
				CLANG_ANALYZER_LOCALIZABILITY_NONLOCALIZED = YES;
				CLANG_ANALYZER_NONNULL = YES;
				CLANG_ANALYZER_NUMBER_OBJECT_CONVERSION = YES_AGGRESSIVE;
				CLANG_CXX_LANGUAGE_STANDARD = "gnu++14";
				CLANG_CXX_LIBRARY = "libc++";
				CLANG_ENABLE_MODULES = YES;
				CLANG_ENABLE_OBJC_ARC = YES;
				CLANG_WARN_BLOCK_CAPTURE_AUTORELEASING = YES;
				CLANG_WARN_BOOL_CONVERSION = YES;
				CLANG_WARN_COMMA = YES;
				CLANG_WARN_CONSTANT_CONVERSION = YES;
				CLANG_WARN_DIRECT_OBJC_ISA_USAGE = YES_ERROR;
				CLANG_WARN_DOCUMENTATION_COMMENTS = YES;
				CLANG_WARN_EMPTY_BODY = YES;
				CLANG_WARN_ENUM_CONVERSION = YES;
				CLANG_WARN_INFINITE_RECURSION = YES;
				CLANG_WARN_INT_CONVERSION = YES;
				CLANG_WARN_NON_LITERAL_NULL_CONVERSION = YES;
				CLANG_WARN_OBJC_LITERAL_CONVERSION = YES;
				CLANG_WARN_OBJC_ROOT_CLASS = YES_ERROR;
				CLANG_WARN_RANGE_LOOP_ANALYSIS = YES;
				CLANG_WARN_STRICT_PROTOTYPES = YES;
				CLANG_WARN_SUSPICIOUS_MOVE = YES;
				CLANG_WARN_UNGUARDED_AVAILABILITY = YES_AGGRESSIVE;
				CLANG_WARN_UNREACHABLE_CODE = YES;
				CLANG_WARN__DUPLICATE_METHOD_MATCH = YES;
				CODE_SIGN_IDENTITY = "iPhone Developer";
				COPY_PHASE_STRIP = NO;
				DEBUG_INFORMATION_FORMAT = dwarf;
				ENABLE_STRICT_OBJC_MSGSEND = YES;
				ENABLE_TESTABILITY = YES;
				GCC_C_LANGUAGE_STANDARD = gnu11;
				GCC_DYNAMIC_NO_PIC = NO;
				GCC_NO_COMMON_BLOCKS = YES;
				GCC_OPTIMIZATION_LEVEL = 0;
				GCC_PREPROCESSOR_DEFINITIONS = (
					"DEBUG=1",
					"$(inherited)",
				);
				GCC_WARN_64_TO_32_BIT_CONVERSION = YES;
				GCC_WARN_ABOUT_RETURN_TYPE = YES_ERROR;
				GCC_WARN_UNDECLARED_SELECTOR = YES;
				GCC_WARN_UNINITIALIZED_AUTOS = YES_AGGRESSIVE;
				GCC_WARN_UNUSED_FUNCTION = YES;
				GCC_WARN_UNUSED_VARIABLE = YES;
				IPHONEOS_DEPLOYMENT_TARGET = 11.2;
				MTL_ENABLE_DEBUG_INFO = YES;
				ONLY_ACTIVE_ARCH = YES;
				SDKROOT = iphoneos;
				SWIFT_ACTIVE_COMPILATION_CONDITIONS = DEBUG;
				SWIFT_OPTIMIZATION_LEVEL = "-Onone";
			};
			name = Debug;
		};
		3E6A3A881FDA21B6002E17D8 /* Release */ = {
			isa = XCBuildConfiguration;
			buildSettings = {
				ALWAYS_SEARCH_USER_PATHS = NO;
				CLANG_ANALYZER_LOCALIZABILITY_NONLOCALIZED = YES;
				CLANG_ANALYZER_NONNULL = YES;
				CLANG_ANALYZER_NUMBER_OBJECT_CONVERSION = YES_AGGRESSIVE;
				CLANG_CXX_LANGUAGE_STANDARD = "gnu++14";
				CLANG_CXX_LIBRARY = "libc++";
				CLANG_ENABLE_MODULES = YES;
				CLANG_ENABLE_OBJC_ARC = YES;
				CLANG_WARN_BLOCK_CAPTURE_AUTORELEASING = YES;
				CLANG_WARN_BOOL_CONVERSION = YES;
				CLANG_WARN_COMMA = YES;
				CLANG_WARN_CONSTANT_CONVERSION = YES;
				CLANG_WARN_DIRECT_OBJC_ISA_USAGE = YES_ERROR;
				CLANG_WARN_DOCUMENTATION_COMMENTS = YES;
				CLANG_WARN_EMPTY_BODY = YES;
				CLANG_WARN_ENUM_CONVERSION = YES;
				CLANG_WARN_INFINITE_RECURSION = YES;
				CLANG_WARN_INT_CONVERSION = YES;
				CLANG_WARN_NON_LITERAL_NULL_CONVERSION = YES;
				CLANG_WARN_OBJC_LITERAL_CONVERSION = YES;
				CLANG_WARN_OBJC_ROOT_CLASS = YES_ERROR;
				CLANG_WARN_RANGE_LOOP_ANALYSIS = YES;
				CLANG_WARN_STRICT_PROTOTYPES = YES;
				CLANG_WARN_SUSPICIOUS_MOVE = YES;
				CLANG_WARN_UNGUARDED_AVAILABILITY = YES_AGGRESSIVE;
				CLANG_WARN_UNREACHABLE_CODE = YES;
				CLANG_WARN__DUPLICATE_METHOD_MATCH = YES;
				CODE_SIGN_IDENTITY = "iPhone Developer";
				COPY_PHASE_STRIP = NO;
				DEBUG_INFORMATION_FORMAT = "dwarf-with-dsym";
				ENABLE_NS_ASSERTIONS = NO;
				ENABLE_STRICT_OBJC_MSGSEND = YES;
				GCC_C_LANGUAGE_STANDARD = gnu11;
				GCC_NO_COMMON_BLOCKS = YES;
				GCC_WARN_64_TO_32_BIT_CONVERSION = YES;
				GCC_WARN_ABOUT_RETURN_TYPE = YES_ERROR;
				GCC_WARN_UNDECLARED_SELECTOR = YES;
				GCC_WARN_UNINITIALIZED_AUTOS = YES_AGGRESSIVE;
				GCC_WARN_UNUSED_FUNCTION = YES;
				GCC_WARN_UNUSED_VARIABLE = YES;
				IPHONEOS_DEPLOYMENT_TARGET = 11.2;
				MTL_ENABLE_DEBUG_INFO = NO;
				SDKROOT = iphoneos;
				SWIFT_OPTIMIZATION_LEVEL = "-Owholemodule";
				VALIDATE_PRODUCT = YES;
			};
			name = Release;
		};
		3E6A3A8A1FDA21B6002E17D8 /* Debug */ = {
			isa = XCBuildConfiguration;
			baseConfigurationReference = 867A8C33AF406AB6E9821C3B /* Pods-babyNameIOS.debug.xcconfig */;
			buildSettings = {
				ASSETCATALOG_COMPILER_APPICON_NAME = AppIcon;
				ASSETCATALOG_OTHER_FLAGS = "-D DEBUG";
				CLANG_ENABLE_MODULES = YES;
				CODE_SIGN_ENTITLEMENTS = babyNameIOS/babyNameIOS.entitlements;
				CODE_SIGN_STYLE = Manual;
				DEVELOPMENT_TEAM = PGAZNAH647;
				FRAMEWORK_SEARCH_PATHS = (
					"$(inherited)",
					"$(PROJECT_DIR)/babyNameIOS/Extras",
					"$(PROJECT_DIR)/babyNameIOS/Resources",
				);
				INFOPLIST_FILE = babyNameIOS/Info.plist;
				IPHONEOS_DEPLOYMENT_TARGET = 11.0;
				LD_RUNPATH_SEARCH_PATHS = "$(inherited) @executable_path/Frameworks";
				PRODUCT_BUNDLE_IDENTIFIER = CarlosRodriguezGuerrero.babynames.babyNameIOS;
				PRODUCT_NAME = "$(TARGET_NAME)";
				PROVISIONING_PROFILE = "9ba083f1-35dd-4831-ac61-83731cce6beb";
				PROVISIONING_PROFILE_SPECIFIER = babyNamesPPDev;
				SWIFT_OBJC_BRIDGING_HEADER = "babyNameIOS/babyNameIOS-Bridging-Header.h";
				SWIFT_OPTIMIZATION_LEVEL = "-Onone";
				SWIFT_VERSION = 4.0;
				TARGETED_DEVICE_FAMILY = "1,2";
			};
			name = Debug;
		};
		3E6A3A8B1FDA21B6002E17D8 /* Release */ = {
			isa = XCBuildConfiguration;
			baseConfigurationReference = B06A4721FC312266E5EF8920 /* Pods-babyNameIOS.release.xcconfig */;
			buildSettings = {
				ASSETCATALOG_COMPILER_APPICON_NAME = AppIcon;
				ASSETCATALOG_OTHER_FLAGS = "-D RELEASE";
				CLANG_ENABLE_MODULES = YES;
				CODE_SIGN_ENTITLEMENTS = babyNameIOS/babyNameIOS.entitlements;
				CODE_SIGN_STYLE = Manual;
				DEVELOPMENT_TEAM = PGAZNAH647;
				FRAMEWORK_SEARCH_PATHS = (
					"$(inherited)",
					"$(PROJECT_DIR)/babyNameIOS/Extras",
					"$(PROJECT_DIR)/babyNameIOS/Resources",
				);
				INFOPLIST_FILE = babyNameIOS/Info.plist;
				IPHONEOS_DEPLOYMENT_TARGET = 11.0;
				LD_RUNPATH_SEARCH_PATHS = "$(inherited) @executable_path/Frameworks";
				PRODUCT_BUNDLE_IDENTIFIER = CarlosRodriguezGuerrero.babynames.babyNameIOS;
				PRODUCT_NAME = "$(TARGET_NAME)";
				PROVISIONING_PROFILE = "9ba083f1-35dd-4831-ac61-83731cce6beb";
				PROVISIONING_PROFILE_SPECIFIER = babyNamesPPDev;
				SWIFT_OBJC_BRIDGING_HEADER = "babyNameIOS/babyNameIOS-Bridging-Header.h";
				SWIFT_VERSION = 4.0;
				TARGETED_DEVICE_FAMILY = "1,2";
			};
			name = Release;
		};
		3E6A3A8D1FDA21B6002E17D8 /* Debug */ = {
			isa = XCBuildConfiguration;
			baseConfigurationReference = F218C517AC4CAA77677454F0 /* Pods-babyNameIOSTests.debug.xcconfig */;
			buildSettings = {
				ALWAYS_EMBED_SWIFT_STANDARD_LIBRARIES = YES;
				BUNDLE_LOADER = "$(TEST_HOST)";
				CODE_SIGN_STYLE = Automatic;
				INFOPLIST_FILE = babyNameIOSTests/Info.plist;
				LD_RUNPATH_SEARCH_PATHS = "$(inherited) @executable_path/Frameworks @loader_path/Frameworks";
				PRODUCT_BUNDLE_IDENTIFIER = CarlosRodriguezGuerrero.babyNameIOSTests;
				PRODUCT_NAME = "$(TARGET_NAME)";
				SWIFT_VERSION = 4.0;
				TARGETED_DEVICE_FAMILY = "1,2";
				TEST_HOST = "$(BUILT_PRODUCTS_DIR)/babyNameIOS.app/babyNameIOS";
			};
			name = Debug;
		};
		3E6A3A8E1FDA21B6002E17D8 /* Release */ = {
			isa = XCBuildConfiguration;
			baseConfigurationReference = F5A9D8F8EB611D82664426F2 /* Pods-babyNameIOSTests.release.xcconfig */;
			buildSettings = {
				ALWAYS_EMBED_SWIFT_STANDARD_LIBRARIES = YES;
				BUNDLE_LOADER = "$(TEST_HOST)";
				CODE_SIGN_STYLE = Automatic;
				INFOPLIST_FILE = babyNameIOSTests/Info.plist;
				LD_RUNPATH_SEARCH_PATHS = "$(inherited) @executable_path/Frameworks @loader_path/Frameworks";
				PRODUCT_BUNDLE_IDENTIFIER = CarlosRodriguezGuerrero.babyNameIOSTests;
				PRODUCT_NAME = "$(TARGET_NAME)";
				SWIFT_VERSION = 4.0;
				TARGETED_DEVICE_FAMILY = "1,2";
				TEST_HOST = "$(BUILT_PRODUCTS_DIR)/babyNameIOS.app/babyNameIOS";
			};
			name = Release;
		};
/* End XCBuildConfiguration section */

/* Begin XCConfigurationList section */
		3E6A3A641FDA21B6002E17D8 /* Build configuration list for PBXProject "babyNameIOS" */ = {
			isa = XCConfigurationList;
			buildConfigurations = (
				3E6A3A871FDA21B6002E17D8 /* Debug */,
				3E6A3A881FDA21B6002E17D8 /* Release */,
			);
			defaultConfigurationIsVisible = 0;
			defaultConfigurationName = Release;
		};
		3E6A3A891FDA21B6002E17D8 /* Build configuration list for PBXNativeTarget "babyNameIOS" */ = {
			isa = XCConfigurationList;
			buildConfigurations = (
				3E6A3A8A1FDA21B6002E17D8 /* Debug */,
				3E6A3A8B1FDA21B6002E17D8 /* Release */,
			);
			defaultConfigurationIsVisible = 0;
			defaultConfigurationName = Release;
		};
		3E6A3A8C1FDA21B6002E17D8 /* Build configuration list for PBXNativeTarget "babyNameIOSTests" */ = {
			isa = XCConfigurationList;
			buildConfigurations = (
				3E6A3A8D1FDA21B6002E17D8 /* Debug */,
				3E6A3A8E1FDA21B6002E17D8 /* Release */,
			);
			defaultConfigurationIsVisible = 0;
			defaultConfigurationName = Release;
		};
/* End XCConfigurationList section */

/* Begin XCVersionGroup section */
		3E6A3A731FDA21B6002E17D8 /* babyNameIOS.xcdatamodeld */ = {
			isa = XCVersionGroup;
			children = (
				3E6A3A741FDA21B6002E17D8 /* babyNameIOS.xcdatamodel */,
			);
			currentVersion = 3E6A3A741FDA21B6002E17D8 /* babyNameIOS.xcdatamodel */;
			path = babyNameIOS.xcdatamodeld;
			sourceTree = "<group>";
			versionGroupType = wrapper.xcdatamodel;
		};
/* End XCVersionGroup section */
	};
	rootObject = 3E6A3A611FDA21B6002E17D8 /* Project object */;
}
